// !$*UTF8*$!
{
	archiveVersion = 1;
	classes = {
	};
	objectVersion = 46;
	objects = {

/* Begin PBXBuildFile section */
		181E64761EC9CB70007E7C87 /* UserDefaultsConstants.swift in Sources */ = {isa = PBXBuildFile; fileRef = 181E64751EC9CB70007E7C87 /* UserDefaultsConstants.swift */; };
		181E64781EC9CB7D007E7C87 /* Commons.swift in Sources */ = {isa = PBXBuildFile; fileRef = 181E64771EC9CB7D007E7C87 /* Commons.swift */; };
		181E647A1EC9CB88007E7C87 /* CommonService.swift in Sources */ = {isa = PBXBuildFile; fileRef = 181E64791EC9CB88007E7C87 /* CommonService.swift */; };
		181E647C1EC9CB92007E7C87 /* Constants.swift in Sources */ = {isa = PBXBuildFile; fileRef = 181E647B1EC9CB92007E7C87 /* Constants.swift */; };
		181E647E1EC9CBA2007E7C87 /* UIFont-Config.swift in Sources */ = {isa = PBXBuildFile; fileRef = 181E647D1EC9CBA2007E7C87 /* UIFont-Config.swift */; };
		181E64821ECAD7F2007E7C87 /* ProgressHUD.swift in Sources */ = {isa = PBXBuildFile; fileRef = 181E64811ECAD7F2007E7C87 /* ProgressHUD.swift */; };
		181E64861ECB412D007E7C87 /* HelpScreenViewController.swift in Sources */ = {isa = PBXBuildFile; fileRef = 181E64851ECB412D007E7C87 /* HelpScreenViewController.swift */; };
		181E64881ECB4170007E7C87 /* HelpScreenCollectionViewCell.swift in Sources */ = {isa = PBXBuildFile; fileRef = 181E64871ECB4170007E7C87 /* HelpScreenCollectionViewCell.swift */; };
		181E648B1ECB4763007E7C87 /* CustomImagePageControl.swift in Sources */ = {isa = PBXBuildFile; fileRef = 181E648A1ECB4763007E7C87 /* CustomImagePageControl.swift */; };
		181E648E1ECC35A2007E7C87 /* EulaAgreementViewController.swift in Sources */ = {isa = PBXBuildFile; fileRef = 181E648D1ECC35A2007E7C87 /* EulaAgreementViewController.swift */; };
		181E64921ECC5832007E7C87 /* MobileLoginViewController.swift in Sources */ = {isa = PBXBuildFile; fileRef = 181E64901ECC5832007E7C87 /* MobileLoginViewController.swift */; };
		181E64931ECC5832007E7C87 /* MobileLoginViewController.xib in Resources */ = {isa = PBXBuildFile; fileRef = 181E64911ECC5832007E7C87 /* MobileLoginViewController.xib */; };
		181E64971ECC65FC007E7C87 /* OTPVerificationViewController.swift in Sources */ = {isa = PBXBuildFile; fileRef = 181E64951ECC65FC007E7C87 /* OTPVerificationViewController.swift */; };
		181E64981ECC65FC007E7C87 /* OTPVerificationViewController.xib in Resources */ = {isa = PBXBuildFile; fileRef = 181E64961ECC65FC007E7C87 /* OTPVerificationViewController.xib */; };
		181ED2F21ED012EB00759FA3 /* AppService.swift in Sources */ = {isa = PBXBuildFile; fileRef = 181ED2F11ED012EB00759FA3 /* AppService.swift */; };
		182EA8E61ED31FDD00589E8C /* NotificeBoardDetailViewController.swift in Sources */ = {isa = PBXBuildFile; fileRef = 182EA8E41ED31FDD00589E8C /* NotificeBoardDetailViewController.swift */; };
		182EA8E71ED31FDD00589E8C /* NotificeBoardDetailViewController.xib in Resources */ = {isa = PBXBuildFile; fileRef = 182EA8E51ED31FDD00589E8C /* NotificeBoardDetailViewController.xib */; };
		182EA8EA1ED32C0300589E8C /* NoticeBoardDetailHeaderTableViewCell.swift in Sources */ = {isa = PBXBuildFile; fileRef = 182EA8E81ED32C0300589E8C /* NoticeBoardDetailHeaderTableViewCell.swift */; };
		182EA8EB1ED32C0300589E8C /* NoticeBoardDetailHeaderTableViewCell.xib in Resources */ = {isa = PBXBuildFile; fileRef = 182EA8E91ED32C0300589E8C /* NoticeBoardDetailHeaderTableViewCell.xib */; };
		182EA8EE1ED32EAE00589E8C /* NoticeBoardWebViewTableViewCell.swift in Sources */ = {isa = PBXBuildFile; fileRef = 182EA8EC1ED32EAE00589E8C /* NoticeBoardWebViewTableViewCell.swift */; };
		182EA8EF1ED32EAE00589E8C /* NoticeBoardWebViewTableViewCell.xib in Resources */ = {isa = PBXBuildFile; fileRef = 182EA8ED1ED32EAE00589E8C /* NoticeBoardWebViewTableViewCell.xib */; };
		182EA8F11ED330BC00589E8C /* NotificationDetail.swift in Sources */ = {isa = PBXBuildFile; fileRef = 182EA8F01ED330BC00589E8C /* NotificationDetail.swift */; };
		18379EFB1ED0578700F75C31 /* NotificationTableViewCell.swift in Sources */ = {isa = PBXBuildFile; fileRef = 18379EF91ED0578700F75C31 /* NotificationTableViewCell.swift */; };
		18379EFC1ED0578700F75C31 /* NotificationTableViewCell.xib in Resources */ = {isa = PBXBuildFile; fileRef = 18379EFA1ED0578700F75C31 /* NotificationTableViewCell.xib */; };
		18379F011ED0597900F75C31 /* RegularLabel.swift in Sources */ = {isa = PBXBuildFile; fileRef = 18379F001ED0597900F75C31 /* RegularLabel.swift */; };
		18379F031ED0599900F75C31 /* BoldLabel.swift in Sources */ = {isa = PBXBuildFile; fileRef = 18379F021ED0599900F75C31 /* BoldLabel.swift */; };
		18379F051ED059AF00F75C31 /* SemiBoldLabel.swift in Sources */ = {isa = PBXBuildFile; fileRef = 18379F041ED059AF00F75C31 /* SemiBoldLabel.swift */; };
		18379F091ED05B7600F75C31 /* Basic.xcdatamodeld in Sources */ = {isa = PBXBuildFile; fileRef = 18379F071ED05B7600F75C31 /* Basic.xcdatamodeld */; };
		18379F0A1ED0603500F75C31 /* OpenSans-Bold.ttf in Resources */ = {isa = PBXBuildFile; fileRef = 18379F061ED059E700F75C31 /* OpenSans-Bold.ttf */; };
		18379F0B1ED0603700F75C31 /* OpenSans-Regular.ttf in Resources */ = {isa = PBXBuildFile; fileRef = 18379EFE1ED0590C00F75C31 /* OpenSans-Regular.ttf */; };
		18379F0C1ED0603900F75C31 /* OpenSans-Semibold.ttf in Resources */ = {isa = PBXBuildFile; fileRef = 18379EFF1ED0590C00F75C31 /* OpenSans-Semibold.ttf */; };
		18379F0E1ED0731E00F75C31 /* Notification.swift in Sources */ = {isa = PBXBuildFile; fileRef = 18379F0D1ED0731E00F75C31 /* Notification.swift */; };
		183F93591EC9829300B11BEB /* AppDelegate.swift in Sources */ = {isa = PBXBuildFile; fileRef = 183F93581EC9829300B11BEB /* AppDelegate.swift */; };
		183F935B1EC9829300B11BEB /* NotificationsViewController.swift in Sources */ = {isa = PBXBuildFile; fileRef = 183F935A1EC9829300B11BEB /* NotificationsViewController.swift */; };
		183F935D1EC9829300B11BEB /* SoundingboardViewController.swift in Sources */ = {isa = PBXBuildFile; fileRef = 183F935C1EC9829300B11BEB /* SoundingboardViewController.swift */; };
		183F93601EC9829300B11BEB /* Main.storyboard in Resources */ = {isa = PBXBuildFile; fileRef = 183F935E1EC9829300B11BEB /* Main.storyboard */; };
		183F93621EC9829300B11BEB /* Assets.xcassets in Resources */ = {isa = PBXBuildFile; fileRef = 183F93611EC9829300B11BEB /* Assets.xcassets */; };
		183F93651EC9829300B11BEB /* LaunchScreen.storyboard in Resources */ = {isa = PBXBuildFile; fileRef = 183F93631EC9829300B11BEB /* LaunchScreen.storyboard */; };
		183F93701EC9829400B11BEB /* Talkative_ParentsTests.swift in Sources */ = {isa = PBXBuildFile; fileRef = 183F936F1EC9829400B11BEB /* Talkative_ParentsTests.swift */; };
		183F937B1EC9829400B11BEB /* Talkative_ParentsUITests.swift in Sources */ = {isa = PBXBuildFile; fileRef = 183F937A1EC9829400B11BEB /* Talkative_ParentsUITests.swift */; };
		185983B91EE52FC9008E6CEC /* ProgressCellTableViewCell.swift in Sources */ = {isa = PBXBuildFile; fileRef = 185983B71EE52FC9008E6CEC /* ProgressCellTableViewCell.swift */; };
		185983BA1EE52FC9008E6CEC /* ProgressCellTableViewCell.xib in Resources */ = {isa = PBXBuildFile; fileRef = 185983B81EE52FC9008E6CEC /* ProgressCellTableViewCell.xib */; };
		185983BC1EE545D4008E6CEC /* ParentProfile.swift in Sources */ = {isa = PBXBuildFile; fileRef = 185983BB1EE545D4008E6CEC /* ParentProfile.swift */; };
		185983C01EE81410008E6CEC /* SoundingBoardDetailViewController.swift in Sources */ = {isa = PBXBuildFile; fileRef = 185983BE1EE81410008E6CEC /* SoundingBoardDetailViewController.swift */; };
		185983C11EE81410008E6CEC /* SoundingBoardDetailViewController.xib in Resources */ = {isa = PBXBuildFile; fileRef = 185983BF1EE81410008E6CEC /* SoundingBoardDetailViewController.xib */; };
		185983C31EE81F89008E6CEC /* GrowingTextView.swift in Sources */ = {isa = PBXBuildFile; fileRef = 185983C21EE81F89008E6CEC /* GrowingTextView.swift */; };
		1862EFFF1ECD7DDE0084F704 /* Country.swift in Sources */ = {isa = PBXBuildFile; fileRef = 1862EFFE1ECD7DDE0084F704 /* Country.swift */; };
		1862F0011ECD7F5D0084F704 /* LookUpServices.swift in Sources */ = {isa = PBXBuildFile; fileRef = 1862F0001ECD7F5D0084F704 /* LookUpServices.swift */; };
		1862F0071ECD87670084F704 /* SelectCountryViewController.swift in Sources */ = {isa = PBXBuildFile; fileRef = 1862F0051ECD87670084F704 /* SelectCountryViewController.swift */; };
		1862F0081ECD87670084F704 /* SelectCountryViewController.xib in Resources */ = {isa = PBXBuildFile; fileRef = 1862F0061ECD87670084F704 /* SelectCountryViewController.xib */; };
		1862F00B1ECD88300084F704 /* CountrySelectionTableViewCell.swift in Sources */ = {isa = PBXBuildFile; fileRef = 1862F0091ECD88300084F704 /* CountrySelectionTableViewCell.swift */; };
		1862F00C1ECD88300084F704 /* CountrySelectionTableViewCell.xib in Resources */ = {isa = PBXBuildFile; fileRef = 1862F00A1ECD88300084F704 /* CountrySelectionTableViewCell.xib */; };
		1862F00E1ECD8E360084F704 /* LoginService.swift in Sources */ = {isa = PBXBuildFile; fileRef = 1862F00D1ECD8E360084F704 /* LoginService.swift */; };
		1862F0101ECDBE000084F704 /* ChildrenService.swift in Sources */ = {isa = PBXBuildFile; fileRef = 1862F00F1ECDBE000084F704 /* ChildrenService.swift */; };
		1862F0171ECDD8860084F704 /* DashboardViewController.swift in Sources */ = {isa = PBXBuildFile; fileRef = 1862F0161ECDD8860084F704 /* DashboardViewController.swift */; };
		1862F01A1ECDD89E0084F704 /* DashboardCollectionViewCell.swift in Sources */ = {isa = PBXBuildFile; fileRef = 1862F0181ECDD89E0084F704 /* DashboardCollectionViewCell.swift */; };
		1862F01B1ECDD89E0084F704 /* DashboardCollectionViewCell.xib in Resources */ = {isa = PBXBuildFile; fileRef = 1862F0191ECDD89E0084F704 /* DashboardCollectionViewCell.xib */; };
		1862F01D1ECF0B170084F704 /* Child.swift in Sources */ = {isa = PBXBuildFile; fileRef = 1862F01C1ECF0B170084F704 /* Child.swift */; };
		186E490E1ED2F3D900FD81E2 /* CoreDataManager.swift in Sources */ = {isa = PBXBuildFile; fileRef = 186E490D1ED2F3D900FD81E2 /* CoreDataManager.swift */; };
		187435EA1ED43E4B00150ACD /* NWebViewTableViewCell.swift in Sources */ = {isa = PBXBuildFile; fileRef = 187435E81ED43E4B00150ACD /* NWebViewTableViewCell.swift */; };
		187435EB1ED43E4B00150ACD /* NWebViewTableViewCell.xib in Resources */ = {isa = PBXBuildFile; fileRef = 187435E91ED43E4B00150ACD /* NWebViewTableViewCell.xib */; };
		187435ED1ED4545700150ACD /* Attachment.swift in Sources */ = {isa = PBXBuildFile; fileRef = 187435EC1ED4545700150ACD /* Attachment.swift */; };
		187435F01ED45F3400150ACD /* NoticeBoardAttachmentTableViewCell.swift in Sources */ = {isa = PBXBuildFile; fileRef = 187435EE1ED45F3400150ACD /* NoticeBoardAttachmentTableViewCell.swift */; };
		187435F11ED45F3400150ACD /* NoticeBoardAttachmentTableViewCell.xib in Resources */ = {isa = PBXBuildFile; fileRef = 187435EF1ED45F3400150ACD /* NoticeBoardAttachmentTableViewCell.xib */; };
		187435F41ED468F400150ACD /* AttachmentCollectionViewCell.swift in Sources */ = {isa = PBXBuildFile; fileRef = 187435F21ED468F400150ACD /* AttachmentCollectionViewCell.swift */; };
		187435F51ED468F400150ACD /* AttachmentCollectionViewCell.xib in Resources */ = {isa = PBXBuildFile; fileRef = 187435F31ED468F400150ACD /* AttachmentCollectionViewCell.xib */; };
		187FAC2C1ED568BE00A9A15E /* DocumentViewerViewController.swift in Sources */ = {isa = PBXBuildFile; fileRef = 187FAC2A1ED568BE00A9A15E /* DocumentViewerViewController.swift */; };
		187FAC2D1ED568BE00A9A15E /* DocumentViewerViewController.xib in Resources */ = {isa = PBXBuildFile; fileRef = 187FAC2B1ED568BE00A9A15E /* DocumentViewerViewController.xib */; };
		187FAC2F1ED6B4F000A9A15E /* BetterSegmentedControl.swift in Sources */ = {isa = PBXBuildFile; fileRef = 187FAC2E1ED6B4F000A9A15E /* BetterSegmentedControl.swift */; };
		187FAC321ED70E6A00A9A15E /* DashboardTableViewCell.swift in Sources */ = {isa = PBXBuildFile; fileRef = 187FAC301ED70E6A00A9A15E /* DashboardTableViewCell.swift */; };
		187FAC331ED70E6A00A9A15E /* DashboardTableViewCell.xib in Resources */ = {isa = PBXBuildFile; fileRef = 187FAC311ED70E6A00A9A15E /* DashboardTableViewCell.xib */; };
		188829461ED9C3C500C51AC4 /* CalendarViewController.swift in Sources */ = {isa = PBXBuildFile; fileRef = 188829451ED9C3C500C51AC4 /* CalendarViewController.swift */; };
		188829491EDC30D700C51AC4 /* FireBaseHelper.swift in Sources */ = {isa = PBXBuildFile; fileRef = 188829481EDC30D700C51AC4 /* FireBaseHelper.swift */; };
		1888294B1EDC444E00C51AC4 /* CalendarEvent.swift in Sources */ = {isa = PBXBuildFile; fileRef = 1888294A1EDC444E00C51AC4 /* CalendarEvent.swift */; };
		1888294E1EDC614E00C51AC4 /* CalendarEventTableViewCell.swift in Sources */ = {isa = PBXBuildFile; fileRef = 1888294C1EDC614E00C51AC4 /* CalendarEventTableViewCell.swift */; };
		1888294F1EDC614E00C51AC4 /* CalendarEventTableViewCell.xib in Resources */ = {isa = PBXBuildFile; fileRef = 1888294D1EDC614E00C51AC4 /* CalendarEventTableViewCell.xib */; };
		188829531EDD5E3D00C51AC4 /* CalendarDetailViewController.swift in Sources */ = {isa = PBXBuildFile; fileRef = 188829511EDD5E3D00C51AC4 /* CalendarDetailViewController.swift */; };
		188829541EDD5E3D00C51AC4 /* CalendarDetailViewController.xib in Resources */ = {isa = PBXBuildFile; fileRef = 188829521EDD5E3D00C51AC4 /* CalendarDetailViewController.xib */; };
		188829571EDDBEA400C51AC4 /* MoreTabViewController.swift in Sources */ = {isa = PBXBuildFile; fileRef = 188829561EDDBEA400C51AC4 /* MoreTabViewController.swift */; };
		188829591EDDBF1E00C51AC4 /* OtherObject.swift in Sources */ = {isa = PBXBuildFile; fileRef = 188829581EDDBF1E00C51AC4 /* OtherObject.swift */; };
		1888295C1EDDC08A00C51AC4 /* MoreTabTableViewCell.swift in Sources */ = {isa = PBXBuildFile; fileRef = 1888295A1EDDC08A00C51AC4 /* MoreTabTableViewCell.swift */; };
		1888295D1EDDC08A00C51AC4 /* MoreTabTableViewCell.xib in Resources */ = {isa = PBXBuildFile; fileRef = 1888295B1EDDC08A00C51AC4 /* MoreTabTableViewCell.xib */; };
		189F90361EE923F3000C4802 /* SBDHeaderTableViewCell.swift in Sources */ = {isa = PBXBuildFile; fileRef = 189F90341EE923F3000C4802 /* SBDHeaderTableViewCell.swift */; };
		189F90371EE923F3000C4802 /* SBDHeaderTableViewCell.xib in Resources */ = {isa = PBXBuildFile; fileRef = 189F90351EE923F3000C4802 /* SBDHeaderTableViewCell.xib */; };
		189F903A1EE9250D000C4802 /* SBDDescriptionTableViewCell.swift in Sources */ = {isa = PBXBuildFile; fileRef = 189F90381EE9250D000C4802 /* SBDDescriptionTableViewCell.swift */; };
		189F903B1EE9250D000C4802 /* SBDDescriptionTableViewCell.xib in Resources */ = {isa = PBXBuildFile; fileRef = 189F90391EE9250D000C4802 /* SBDDescriptionTableViewCell.xib */; };
		189F903E1EE925A6000C4802 /* SDBCommentTableViewCell.swift in Sources */ = {isa = PBXBuildFile; fileRef = 189F903C1EE925A6000C4802 /* SDBCommentTableViewCell.swift */; };
		189F903F1EE925A6000C4802 /* SDBCommentTableViewCell.xib in Resources */ = {isa = PBXBuildFile; fileRef = 189F903D1EE925A6000C4802 /* SDBCommentTableViewCell.xib */; };
		189F90411EE97098000C4802 /* Comment.swift in Sources */ = {isa = PBXBuildFile; fileRef = 189F90401EE97098000C4802 /* Comment.swift */; };
		18AD626D1EEFBC9D0057B778 /* EventHelper.swift in Sources */ = {isa = PBXBuildFile; fileRef = 18AD626C1EEFBC9D0057B778 /* EventHelper.swift */; };
		18B30B001EDEA3D500D5B9F7 /* SocialSharingViewController.swift in Sources */ = {isa = PBXBuildFile; fileRef = 18B30AFE1EDEA3D500D5B9F7 /* SocialSharingViewController.swift */; };
		18B30B011EDEA3D500D5B9F7 /* SocialSharingViewController.xib in Resources */ = {isa = PBXBuildFile; fileRef = 18B30AFF1EDEA3D500D5B9F7 /* SocialSharingViewController.xib */; };
		18F58ECD1EE027CA0092B7C2 /* Attendance.swift in Sources */ = {isa = PBXBuildFile; fileRef = 18F58ECC1EE027CA0092B7C2 /* Attendance.swift */; };
		18F58ED11EE02D710092B7C2 /* AttendanceViewController.swift in Sources */ = {isa = PBXBuildFile; fileRef = 18F58ECF1EE02D710092B7C2 /* AttendanceViewController.swift */; };
		18F58ED21EE02D710092B7C2 /* AttendanceViewController.xib in Resources */ = {isa = PBXBuildFile; fileRef = 18F58ED01EE02D710092B7C2 /* AttendanceViewController.xib */; };
		18F58ED51EE0347C0092B7C2 /* AttendanceTableViewCell.swift in Sources */ = {isa = PBXBuildFile; fileRef = 18F58ED31EE0347C0092B7C2 /* AttendanceTableViewCell.swift */; };
		18F58ED61EE0347C0092B7C2 /* AttendanceTableViewCell.xib in Resources */ = {isa = PBXBuildFile; fileRef = 18F58ED41EE0347C0092B7C2 /* AttendanceTableViewCell.xib */; };
		18F58ED81EE1931A0092B7C2 /* SoundingBoard.swift in Sources */ = {isa = PBXBuildFile; fileRef = 18F58ED71EE1931A0092B7C2 /* SoundingBoard.swift */; };
		18F58EDB1EE196DF0092B7C2 /* SoundingBoardTableViewCell.swift in Sources */ = {isa = PBXBuildFile; fileRef = 18F58ED91EE196DF0092B7C2 /* SoundingBoardTableViewCell.swift */; };
		18F58EDC1EE196DF0092B7C2 /* SoundingBoardTableViewCell.xib in Resources */ = {isa = PBXBuildFile; fileRef = 18F58EDA1EE196DF0092B7C2 /* SoundingBoardTableViewCell.xib */; };
		18F58EDF1EE281B90092B7C2 /* CreateSoundingBoardMessageViewController.swift in Sources */ = {isa = PBXBuildFile; fileRef = 18F58EDD1EE281B90092B7C2 /* CreateSoundingBoardMessageViewController.swift */; };
		18F58EE01EE281B90092B7C2 /* CreateSoundingBoardMessageViewController.xib in Resources */ = {isa = PBXBuildFile; fileRef = 18F58EDE1EE281B90092B7C2 /* CreateSoundingBoardMessageViewController.xib */; };
		18F58EE31EE29B660092B7C2 /* Category.swift in Sources */ = {isa = PBXBuildFile; fileRef = 18F58EE21EE29B660092B7C2 /* Category.swift */; };
		18F58EE71EE2A5F80092B7C2 /* CategorySelectionViewController.swift in Sources */ = {isa = PBXBuildFile; fileRef = 18F58EE51EE2A5F80092B7C2 /* CategorySelectionViewController.swift */; };
		18F58EE81EE2A5F80092B7C2 /* CategorySelectionViewController.xib in Resources */ = {isa = PBXBuildFile; fileRef = 18F58EE61EE2A5F80092B7C2 /* CategorySelectionViewController.xib */; };
		18F691E61ED8701B00FA80AC /* GoogleService-Info.plist in Resources */ = {isa = PBXBuildFile; fileRef = 18F691E51ED8701B00FA80AC /* GoogleService-Info.plist */; };
		6E91B36D65901A4382092B6A /* Pods_Talkative_ParentsTests.framework in Frameworks */ = {isa = PBXBuildFile; fileRef = 8A55DDBCD178F55B485AC29B /* Pods_Talkative_ParentsTests.framework */; };
		809F2700F3A6C4483A7F37CD /* Pods_Talkative_Parents.framework in Frameworks */ = {isa = PBXBuildFile; fileRef = 6A819ED0EACF43F78280E979 /* Pods_Talkative_Parents.framework */; };
		A3D0D6BE9AF322A44030801F /* Pods_Talkative_ParentsUITests.framework in Frameworks */ = {isa = PBXBuildFile; fileRef = F1AA3821C99BBDDBCA5941E8 /* Pods_Talkative_ParentsUITests.framework */; };
/* End PBXBuildFile section */

/* Begin PBXContainerItemProxy section */
		183F936C1EC9829400B11BEB /* PBXContainerItemProxy */ = {
			isa = PBXContainerItemProxy;
			containerPortal = 183F934D1EC9829300B11BEB /* Project object */;
			proxyType = 1;
			remoteGlobalIDString = 183F93541EC9829300B11BEB;
			remoteInfo = "Talkative Parents";
		};
		183F93771EC9829400B11BEB /* PBXContainerItemProxy */ = {
			isa = PBXContainerItemProxy;
			containerPortal = 183F934D1EC9829300B11BEB /* Project object */;
			proxyType = 1;
			remoteGlobalIDString = 183F93541EC9829300B11BEB;
			remoteInfo = "Talkative Parents";
		};
/* End PBXContainerItemProxy section */

/* Begin PBXFileReference section */
		181E64751EC9CB70007E7C87 /* UserDefaultsConstants.swift */ = {isa = PBXFileReference; fileEncoding = 4; lastKnownFileType = sourcecode.swift; path = UserDefaultsConstants.swift; sourceTree = "<group>"; };
		181E64771EC9CB7D007E7C87 /* Commons.swift */ = {isa = PBXFileReference; fileEncoding = 4; lastKnownFileType = sourcecode.swift; path = Commons.swift; sourceTree = "<group>"; };
		181E64791EC9CB88007E7C87 /* CommonService.swift */ = {isa = PBXFileReference; fileEncoding = 4; lastKnownFileType = sourcecode.swift; path = CommonService.swift; sourceTree = "<group>"; };
		181E647B1EC9CB92007E7C87 /* Constants.swift */ = {isa = PBXFileReference; fileEncoding = 4; lastKnownFileType = sourcecode.swift; path = Constants.swift; sourceTree = "<group>"; };
		181E647D1EC9CBA2007E7C87 /* UIFont-Config.swift */ = {isa = PBXFileReference; fileEncoding = 4; lastKnownFileType = sourcecode.swift; path = "UIFont-Config.swift"; sourceTree = "<group>"; };
		181E64811ECAD7F2007E7C87 /* ProgressHUD.swift */ = {isa = PBXFileReference; fileEncoding = 4; lastKnownFileType = sourcecode.swift; path = ProgressHUD.swift; sourceTree = "<group>"; };
		181E64851ECB412D007E7C87 /* HelpScreenViewController.swift */ = {isa = PBXFileReference; fileEncoding = 4; lastKnownFileType = sourcecode.swift; path = HelpScreenViewController.swift; sourceTree = "<group>"; };
		181E64871ECB4170007E7C87 /* HelpScreenCollectionViewCell.swift */ = {isa = PBXFileReference; fileEncoding = 4; lastKnownFileType = sourcecode.swift; path = HelpScreenCollectionViewCell.swift; sourceTree = "<group>"; };
		181E648A1ECB4763007E7C87 /* CustomImagePageControl.swift */ = {isa = PBXFileReference; fileEncoding = 4; lastKnownFileType = sourcecode.swift; path = CustomImagePageControl.swift; sourceTree = "<group>"; };
		181E648D1ECC35A2007E7C87 /* EulaAgreementViewController.swift */ = {isa = PBXFileReference; fileEncoding = 4; lastKnownFileType = sourcecode.swift; path = EulaAgreementViewController.swift; sourceTree = "<group>"; };
		181E64901ECC5832007E7C87 /* MobileLoginViewController.swift */ = {isa = PBXFileReference; fileEncoding = 4; lastKnownFileType = sourcecode.swift; path = MobileLoginViewController.swift; sourceTree = "<group>"; };
		181E64911ECC5832007E7C87 /* MobileLoginViewController.xib */ = {isa = PBXFileReference; fileEncoding = 4; lastKnownFileType = file.xib; path = MobileLoginViewController.xib; sourceTree = "<group>"; };
		181E64951ECC65FC007E7C87 /* OTPVerificationViewController.swift */ = {isa = PBXFileReference; fileEncoding = 4; lastKnownFileType = sourcecode.swift; path = OTPVerificationViewController.swift; sourceTree = "<group>"; };
		181E64961ECC65FC007E7C87 /* OTPVerificationViewController.xib */ = {isa = PBXFileReference; fileEncoding = 4; lastKnownFileType = file.xib; path = OTPVerificationViewController.xib; sourceTree = "<group>"; };
		181ED2F11ED012EB00759FA3 /* AppService.swift */ = {isa = PBXFileReference; fileEncoding = 4; lastKnownFileType = sourcecode.swift; path = AppService.swift; sourceTree = "<group>"; };
		182EA8E41ED31FDD00589E8C /* NotificeBoardDetailViewController.swift */ = {isa = PBXFileReference; fileEncoding = 4; lastKnownFileType = sourcecode.swift; path = NotificeBoardDetailViewController.swift; sourceTree = "<group>"; };
		182EA8E51ED31FDD00589E8C /* NotificeBoardDetailViewController.xib */ = {isa = PBXFileReference; fileEncoding = 4; lastKnownFileType = file.xib; path = NotificeBoardDetailViewController.xib; sourceTree = "<group>"; };
		182EA8E81ED32C0300589E8C /* NoticeBoardDetailHeaderTableViewCell.swift */ = {isa = PBXFileReference; fileEncoding = 4; lastKnownFileType = sourcecode.swift; path = NoticeBoardDetailHeaderTableViewCell.swift; sourceTree = "<group>"; };
		182EA8E91ED32C0300589E8C /* NoticeBoardDetailHeaderTableViewCell.xib */ = {isa = PBXFileReference; fileEncoding = 4; lastKnownFileType = file.xib; path = NoticeBoardDetailHeaderTableViewCell.xib; sourceTree = "<group>"; };
		182EA8EC1ED32EAE00589E8C /* NoticeBoardWebViewTableViewCell.swift */ = {isa = PBXFileReference; fileEncoding = 4; lastKnownFileType = sourcecode.swift; path = NoticeBoardWebViewTableViewCell.swift; sourceTree = "<group>"; };
		182EA8ED1ED32EAE00589E8C /* NoticeBoardWebViewTableViewCell.xib */ = {isa = PBXFileReference; fileEncoding = 4; lastKnownFileType = file.xib; path = NoticeBoardWebViewTableViewCell.xib; sourceTree = "<group>"; };
		182EA8F01ED330BC00589E8C /* NotificationDetail.swift */ = {isa = PBXFileReference; fileEncoding = 4; lastKnownFileType = sourcecode.swift; path = NotificationDetail.swift; sourceTree = "<group>"; };
		18379EF91ED0578700F75C31 /* NotificationTableViewCell.swift */ = {isa = PBXFileReference; fileEncoding = 4; lastKnownFileType = sourcecode.swift; path = NotificationTableViewCell.swift; sourceTree = "<group>"; };
		18379EFA1ED0578700F75C31 /* NotificationTableViewCell.xib */ = {isa = PBXFileReference; fileEncoding = 4; lastKnownFileType = file.xib; path = NotificationTableViewCell.xib; sourceTree = "<group>"; };
		18379EFE1ED0590C00F75C31 /* OpenSans-Regular.ttf */ = {isa = PBXFileReference; lastKnownFileType = file; path = "OpenSans-Regular.ttf"; sourceTree = "<group>"; };
		18379EFF1ED0590C00F75C31 /* OpenSans-Semibold.ttf */ = {isa = PBXFileReference; lastKnownFileType = file; path = "OpenSans-Semibold.ttf"; sourceTree = "<group>"; };
		18379F001ED0597900F75C31 /* RegularLabel.swift */ = {isa = PBXFileReference; fileEncoding = 4; lastKnownFileType = sourcecode.swift; path = RegularLabel.swift; sourceTree = "<group>"; };
		18379F021ED0599900F75C31 /* BoldLabel.swift */ = {isa = PBXFileReference; fileEncoding = 4; lastKnownFileType = sourcecode.swift; path = BoldLabel.swift; sourceTree = "<group>"; };
		18379F041ED059AF00F75C31 /* SemiBoldLabel.swift */ = {isa = PBXFileReference; fileEncoding = 4; lastKnownFileType = sourcecode.swift; path = SemiBoldLabel.swift; sourceTree = "<group>"; };
		18379F061ED059E700F75C31 /* OpenSans-Bold.ttf */ = {isa = PBXFileReference; lastKnownFileType = file; path = "OpenSans-Bold.ttf"; sourceTree = "<group>"; };
		18379F081ED05B7600F75C31 /* Basic.xcdatamodel */ = {isa = PBXFileReference; lastKnownFileType = wrapper.xcdatamodel; path = Basic.xcdatamodel; sourceTree = "<group>"; };
		18379F0D1ED0731E00F75C31 /* Notification.swift */ = {isa = PBXFileReference; fileEncoding = 4; lastKnownFileType = sourcecode.swift; path = Notification.swift; sourceTree = "<group>"; };
		183F93551EC9829300B11BEB /* Talkative Parents.app */ = {isa = PBXFileReference; explicitFileType = wrapper.application; includeInIndex = 0; path = "Talkative Parents.app"; sourceTree = BUILT_PRODUCTS_DIR; };
		183F93581EC9829300B11BEB /* AppDelegate.swift */ = {isa = PBXFileReference; lastKnownFileType = sourcecode.swift; path = AppDelegate.swift; sourceTree = "<group>"; };
		183F935A1EC9829300B11BEB /* NotificationsViewController.swift */ = {isa = PBXFileReference; lastKnownFileType = sourcecode.swift; path = NotificationsViewController.swift; sourceTree = "<group>"; };
		183F935C1EC9829300B11BEB /* SoundingboardViewController.swift */ = {isa = PBXFileReference; lastKnownFileType = sourcecode.swift; path = SoundingboardViewController.swift; sourceTree = "<group>"; };
		183F935F1EC9829300B11BEB /* Base */ = {isa = PBXFileReference; lastKnownFileType = file.storyboard; name = Base; path = Base.lproj/Main.storyboard; sourceTree = "<group>"; };
		183F93611EC9829300B11BEB /* Assets.xcassets */ = {isa = PBXFileReference; lastKnownFileType = folder.assetcatalog; path = Assets.xcassets; sourceTree = "<group>"; };
		183F93641EC9829300B11BEB /* Base */ = {isa = PBXFileReference; lastKnownFileType = file.storyboard; name = Base; path = Base.lproj/LaunchScreen.storyboard; sourceTree = "<group>"; };
		183F93661EC9829300B11BEB /* Info.plist */ = {isa = PBXFileReference; lastKnownFileType = text.plist.xml; path = Info.plist; sourceTree = "<group>"; };
		183F936B1EC9829400B11BEB /* Talkative ParentsTests.xctest */ = {isa = PBXFileReference; explicitFileType = wrapper.cfbundle; includeInIndex = 0; path = "Talkative ParentsTests.xctest"; sourceTree = BUILT_PRODUCTS_DIR; };
		183F936F1EC9829400B11BEB /* Talkative_ParentsTests.swift */ = {isa = PBXFileReference; lastKnownFileType = sourcecode.swift; path = Talkative_ParentsTests.swift; sourceTree = "<group>"; };
		183F93711EC9829400B11BEB /* Info.plist */ = {isa = PBXFileReference; lastKnownFileType = text.plist.xml; path = Info.plist; sourceTree = "<group>"; };
		183F93761EC9829400B11BEB /* Talkative ParentsUITests.xctest */ = {isa = PBXFileReference; explicitFileType = wrapper.cfbundle; includeInIndex = 0; path = "Talkative ParentsUITests.xctest"; sourceTree = BUILT_PRODUCTS_DIR; };
		183F937A1EC9829400B11BEB /* Talkative_ParentsUITests.swift */ = {isa = PBXFileReference; lastKnownFileType = sourcecode.swift; path = Talkative_ParentsUITests.swift; sourceTree = "<group>"; };
		183F937C1EC9829400B11BEB /* Info.plist */ = {isa = PBXFileReference; lastKnownFileType = text.plist.xml; path = Info.plist; sourceTree = "<group>"; };
		185983B71EE52FC9008E6CEC /* ProgressCellTableViewCell.swift */ = {isa = PBXFileReference; fileEncoding = 4; lastKnownFileType = sourcecode.swift; path = ProgressCellTableViewCell.swift; sourceTree = "<group>"; };
		185983B81EE52FC9008E6CEC /* ProgressCellTableViewCell.xib */ = {isa = PBXFileReference; fileEncoding = 4; lastKnownFileType = file.xib; path = ProgressCellTableViewCell.xib; sourceTree = "<group>"; };
		185983BB1EE545D4008E6CEC /* ParentProfile.swift */ = {isa = PBXFileReference; fileEncoding = 4; lastKnownFileType = sourcecode.swift; path = ParentProfile.swift; sourceTree = "<group>"; };
		185983BE1EE81410008E6CEC /* SoundingBoardDetailViewController.swift */ = {isa = PBXFileReference; fileEncoding = 4; lastKnownFileType = sourcecode.swift; path = SoundingBoardDetailViewController.swift; sourceTree = "<group>"; };
		185983BF1EE81410008E6CEC /* SoundingBoardDetailViewController.xib */ = {isa = PBXFileReference; fileEncoding = 4; lastKnownFileType = file.xib; path = SoundingBoardDetailViewController.xib; sourceTree = "<group>"; };
		185983C21EE81F89008E6CEC /* GrowingTextView.swift */ = {isa = PBXFileReference; fileEncoding = 4; lastKnownFileType = sourcecode.swift; path = GrowingTextView.swift; sourceTree = "<group>"; };
		1862EFFE1ECD7DDE0084F704 /* Country.swift */ = {isa = PBXFileReference; fileEncoding = 4; lastKnownFileType = sourcecode.swift; path = Country.swift; sourceTree = "<group>"; };
		1862F0001ECD7F5D0084F704 /* LookUpServices.swift */ = {isa = PBXFileReference; fileEncoding = 4; lastKnownFileType = sourcecode.swift; path = LookUpServices.swift; sourceTree = "<group>"; };
		1862F0051ECD87670084F704 /* SelectCountryViewController.swift */ = {isa = PBXFileReference; fileEncoding = 4; lastKnownFileType = sourcecode.swift; path = SelectCountryViewController.swift; sourceTree = "<group>"; };
		1862F0061ECD87670084F704 /* SelectCountryViewController.xib */ = {isa = PBXFileReference; fileEncoding = 4; lastKnownFileType = file.xib; path = SelectCountryViewController.xib; sourceTree = "<group>"; };
		1862F0091ECD88300084F704 /* CountrySelectionTableViewCell.swift */ = {isa = PBXFileReference; fileEncoding = 4; lastKnownFileType = sourcecode.swift; path = CountrySelectionTableViewCell.swift; sourceTree = "<group>"; };
		1862F00A1ECD88300084F704 /* CountrySelectionTableViewCell.xib */ = {isa = PBXFileReference; fileEncoding = 4; lastKnownFileType = file.xib; path = CountrySelectionTableViewCell.xib; sourceTree = "<group>"; };
		1862F00D1ECD8E360084F704 /* LoginService.swift */ = {isa = PBXFileReference; fileEncoding = 4; lastKnownFileType = sourcecode.swift; path = LoginService.swift; sourceTree = "<group>"; };
		1862F00F1ECDBE000084F704 /* ChildrenService.swift */ = {isa = PBXFileReference; fileEncoding = 4; lastKnownFileType = sourcecode.swift; path = ChildrenService.swift; sourceTree = "<group>"; };
		1862F0161ECDD8860084F704 /* DashboardViewController.swift */ = {isa = PBXFileReference; fileEncoding = 4; lastKnownFileType = sourcecode.swift; path = DashboardViewController.swift; sourceTree = "<group>"; };
		1862F0181ECDD89E0084F704 /* DashboardCollectionViewCell.swift */ = {isa = PBXFileReference; fileEncoding = 4; lastKnownFileType = sourcecode.swift; path = DashboardCollectionViewCell.swift; sourceTree = "<group>"; };
		1862F0191ECDD89E0084F704 /* DashboardCollectionViewCell.xib */ = {isa = PBXFileReference; fileEncoding = 4; lastKnownFileType = file.xib; path = DashboardCollectionViewCell.xib; sourceTree = "<group>"; };
		1862F01C1ECF0B170084F704 /* Child.swift */ = {isa = PBXFileReference; fileEncoding = 4; lastKnownFileType = sourcecode.swift; path = Child.swift; sourceTree = "<group>"; };
		186E490D1ED2F3D900FD81E2 /* CoreDataManager.swift */ = {isa = PBXFileReference; fileEncoding = 4; lastKnownFileType = sourcecode.swift; path = CoreDataManager.swift; sourceTree = "<group>"; };
		186E490F1ED2F5EA00FD81E2 /* CoreData.framework */ = {isa = PBXFileReference; lastKnownFileType = wrapper.framework; name = CoreData.framework; path = System/Library/Frameworks/CoreData.framework; sourceTree = SDKROOT; };
		187435E81ED43E4B00150ACD /* NWebViewTableViewCell.swift */ = {isa = PBXFileReference; fileEncoding = 4; lastKnownFileType = sourcecode.swift; path = NWebViewTableViewCell.swift; sourceTree = "<group>"; };
		187435E91ED43E4B00150ACD /* NWebViewTableViewCell.xib */ = {isa = PBXFileReference; fileEncoding = 4; lastKnownFileType = file.xib; path = NWebViewTableViewCell.xib; sourceTree = "<group>"; };
		187435EC1ED4545700150ACD /* Attachment.swift */ = {isa = PBXFileReference; fileEncoding = 4; lastKnownFileType = sourcecode.swift; path = Attachment.swift; sourceTree = "<group>"; };
		187435EE1ED45F3400150ACD /* NoticeBoardAttachmentTableViewCell.swift */ = {isa = PBXFileReference; fileEncoding = 4; lastKnownFileType = sourcecode.swift; path = NoticeBoardAttachmentTableViewCell.swift; sourceTree = "<group>"; };
		187435EF1ED45F3400150ACD /* NoticeBoardAttachmentTableViewCell.xib */ = {isa = PBXFileReference; fileEncoding = 4; lastKnownFileType = file.xib; path = NoticeBoardAttachmentTableViewCell.xib; sourceTree = "<group>"; };
		187435F21ED468F400150ACD /* AttachmentCollectionViewCell.swift */ = {isa = PBXFileReference; fileEncoding = 4; lastKnownFileType = sourcecode.swift; path = AttachmentCollectionViewCell.swift; sourceTree = "<group>"; };
		187435F31ED468F400150ACD /* AttachmentCollectionViewCell.xib */ = {isa = PBXFileReference; fileEncoding = 4; lastKnownFileType = file.xib; path = AttachmentCollectionViewCell.xib; sourceTree = "<group>"; };
		187FAC2A1ED568BE00A9A15E /* DocumentViewerViewController.swift */ = {isa = PBXFileReference; fileEncoding = 4; lastKnownFileType = sourcecode.swift; path = DocumentViewerViewController.swift; sourceTree = "<group>"; };
		187FAC2B1ED568BE00A9A15E /* DocumentViewerViewController.xib */ = {isa = PBXFileReference; fileEncoding = 4; lastKnownFileType = file.xib; path = DocumentViewerViewController.xib; sourceTree = "<group>"; };
		187FAC2E1ED6B4F000A9A15E /* BetterSegmentedControl.swift */ = {isa = PBXFileReference; fileEncoding = 4; lastKnownFileType = sourcecode.swift; path = BetterSegmentedControl.swift; sourceTree = "<group>"; };
		187FAC301ED70E6A00A9A15E /* DashboardTableViewCell.swift */ = {isa = PBXFileReference; fileEncoding = 4; lastKnownFileType = sourcecode.swift; path = DashboardTableViewCell.swift; sourceTree = "<group>"; };
		187FAC311ED70E6A00A9A15E /* DashboardTableViewCell.xib */ = {isa = PBXFileReference; fileEncoding = 4; lastKnownFileType = file.xib; path = DashboardTableViewCell.xib; sourceTree = "<group>"; };
		188829451ED9C3C500C51AC4 /* CalendarViewController.swift */ = {isa = PBXFileReference; fileEncoding = 4; lastKnownFileType = sourcecode.swift; path = CalendarViewController.swift; sourceTree = "<group>"; };
		188829481EDC30D700C51AC4 /* FireBaseHelper.swift */ = {isa = PBXFileReference; fileEncoding = 4; lastKnownFileType = sourcecode.swift; path = FireBaseHelper.swift; sourceTree = "<group>"; };
		1888294A1EDC444E00C51AC4 /* CalendarEvent.swift */ = {isa = PBXFileReference; fileEncoding = 4; lastKnownFileType = sourcecode.swift; path = CalendarEvent.swift; sourceTree = "<group>"; };
		1888294C1EDC614E00C51AC4 /* CalendarEventTableViewCell.swift */ = {isa = PBXFileReference; fileEncoding = 4; lastKnownFileType = sourcecode.swift; path = CalendarEventTableViewCell.swift; sourceTree = "<group>"; };
		1888294D1EDC614E00C51AC4 /* CalendarEventTableViewCell.xib */ = {isa = PBXFileReference; fileEncoding = 4; lastKnownFileType = file.xib; path = CalendarEventTableViewCell.xib; sourceTree = "<group>"; };
		188829511EDD5E3D00C51AC4 /* CalendarDetailViewController.swift */ = {isa = PBXFileReference; fileEncoding = 4; lastKnownFileType = sourcecode.swift; path = CalendarDetailViewController.swift; sourceTree = "<group>"; };
		188829521EDD5E3D00C51AC4 /* CalendarDetailViewController.xib */ = {isa = PBXFileReference; fileEncoding = 4; lastKnownFileType = file.xib; path = CalendarDetailViewController.xib; sourceTree = "<group>"; };
		188829561EDDBEA400C51AC4 /* MoreTabViewController.swift */ = {isa = PBXFileReference; fileEncoding = 4; lastKnownFileType = sourcecode.swift; path = MoreTabViewController.swift; sourceTree = "<group>"; };
		188829581EDDBF1E00C51AC4 /* OtherObject.swift */ = {isa = PBXFileReference; fileEncoding = 4; lastKnownFileType = sourcecode.swift; path = OtherObject.swift; sourceTree = "<group>"; };
		1888295A1EDDC08A00C51AC4 /* MoreTabTableViewCell.swift */ = {isa = PBXFileReference; fileEncoding = 4; lastKnownFileType = sourcecode.swift; path = MoreTabTableViewCell.swift; sourceTree = "<group>"; };
		1888295B1EDDC08A00C51AC4 /* MoreTabTableViewCell.xib */ = {isa = PBXFileReference; fileEncoding = 4; lastKnownFileType = file.xib; path = MoreTabTableViewCell.xib; sourceTree = "<group>"; };
		189F90341EE923F3000C4802 /* SBDHeaderTableViewCell.swift */ = {isa = PBXFileReference; fileEncoding = 4; lastKnownFileType = sourcecode.swift; path = SBDHeaderTableViewCell.swift; sourceTree = "<group>"; };
		189F90351EE923F3000C4802 /* SBDHeaderTableViewCell.xib */ = {isa = PBXFileReference; fileEncoding = 4; lastKnownFileType = file.xib; path = SBDHeaderTableViewCell.xib; sourceTree = "<group>"; };
		189F90381EE9250D000C4802 /* SBDDescriptionTableViewCell.swift */ = {isa = PBXFileReference; fileEncoding = 4; lastKnownFileType = sourcecode.swift; path = SBDDescriptionTableViewCell.swift; sourceTree = "<group>"; };
		189F90391EE9250D000C4802 /* SBDDescriptionTableViewCell.xib */ = {isa = PBXFileReference; fileEncoding = 4; lastKnownFileType = file.xib; path = SBDDescriptionTableViewCell.xib; sourceTree = "<group>"; };
		189F903C1EE925A6000C4802 /* SDBCommentTableViewCell.swift */ = {isa = PBXFileReference; fileEncoding = 4; lastKnownFileType = sourcecode.swift; path = SDBCommentTableViewCell.swift; sourceTree = "<group>"; };
		189F903D1EE925A6000C4802 /* SDBCommentTableViewCell.xib */ = {isa = PBXFileReference; fileEncoding = 4; lastKnownFileType = file.xib; path = SDBCommentTableViewCell.xib; sourceTree = "<group>"; };
		189F90401EE97098000C4802 /* Comment.swift */ = {isa = PBXFileReference; fileEncoding = 4; lastKnownFileType = sourcecode.swift; path = Comment.swift; sourceTree = "<group>"; };
		18AD626C1EEFBC9D0057B778 /* EventHelper.swift */ = {isa = PBXFileReference; fileEncoding = 4; lastKnownFileType = sourcecode.swift; path = EventHelper.swift; sourceTree = "<group>"; };
		18B30AFE1EDEA3D500D5B9F7 /* SocialSharingViewController.swift */ = {isa = PBXFileReference; fileEncoding = 4; lastKnownFileType = sourcecode.swift; path = SocialSharingViewController.swift; sourceTree = "<group>"; };
		18B30AFF1EDEA3D500D5B9F7 /* SocialSharingViewController.xib */ = {isa = PBXFileReference; fileEncoding = 4; lastKnownFileType = file.xib; path = SocialSharingViewController.xib; sourceTree = "<group>"; };
		18EBCFAF1EF93D2E007CE6F4 /* Talkative Parents.entitlements */ = {isa = PBXFileReference; lastKnownFileType = text.plist.entitlements; path = "Talkative Parents.entitlements"; sourceTree = "<group>"; };
		18F58ECC1EE027CA0092B7C2 /* Attendance.swift */ = {isa = PBXFileReference; fileEncoding = 4; lastKnownFileType = sourcecode.swift; path = Attendance.swift; sourceTree = "<group>"; };
		18F58ECF1EE02D710092B7C2 /* AttendanceViewController.swift */ = {isa = PBXFileReference; fileEncoding = 4; lastKnownFileType = sourcecode.swift; path = AttendanceViewController.swift; sourceTree = "<group>"; };
		18F58ED01EE02D710092B7C2 /* AttendanceViewController.xib */ = {isa = PBXFileReference; fileEncoding = 4; lastKnownFileType = file.xib; path = AttendanceViewController.xib; sourceTree = "<group>"; };
		18F58ED31EE0347C0092B7C2 /* AttendanceTableViewCell.swift */ = {isa = PBXFileReference; fileEncoding = 4; lastKnownFileType = sourcecode.swift; path = AttendanceTableViewCell.swift; sourceTree = "<group>"; };
		18F58ED41EE0347C0092B7C2 /* AttendanceTableViewCell.xib */ = {isa = PBXFileReference; fileEncoding = 4; lastKnownFileType = file.xib; path = AttendanceTableViewCell.xib; sourceTree = "<group>"; };
		18F58ED71EE1931A0092B7C2 /* SoundingBoard.swift */ = {isa = PBXFileReference; fileEncoding = 4; lastKnownFileType = sourcecode.swift; path = SoundingBoard.swift; sourceTree = "<group>"; };
		18F58ED91EE196DF0092B7C2 /* SoundingBoardTableViewCell.swift */ = {isa = PBXFileReference; fileEncoding = 4; lastKnownFileType = sourcecode.swift; path = SoundingBoardTableViewCell.swift; sourceTree = "<group>"; };
		18F58EDA1EE196DF0092B7C2 /* SoundingBoardTableViewCell.xib */ = {isa = PBXFileReference; fileEncoding = 4; lastKnownFileType = file.xib; path = SoundingBoardTableViewCell.xib; sourceTree = "<group>"; };
		18F58EDD1EE281B90092B7C2 /* CreateSoundingBoardMessageViewController.swift */ = {isa = PBXFileReference; fileEncoding = 4; lastKnownFileType = sourcecode.swift; path = CreateSoundingBoardMessageViewController.swift; sourceTree = "<group>"; };
		18F58EDE1EE281B90092B7C2 /* CreateSoundingBoardMessageViewController.xib */ = {isa = PBXFileReference; fileEncoding = 4; lastKnownFileType = file.xib; path = CreateSoundingBoardMessageViewController.xib; sourceTree = "<group>"; };
		18F58EE21EE29B660092B7C2 /* Category.swift */ = {isa = PBXFileReference; fileEncoding = 4; lastKnownFileType = sourcecode.swift; path = Category.swift; sourceTree = "<group>"; };
		18F58EE51EE2A5F80092B7C2 /* CategorySelectionViewController.swift */ = {isa = PBXFileReference; fileEncoding = 4; lastKnownFileType = sourcecode.swift; path = CategorySelectionViewController.swift; sourceTree = "<group>"; };
		18F58EE61EE2A5F80092B7C2 /* CategorySelectionViewController.xib */ = {isa = PBXFileReference; fileEncoding = 4; lastKnownFileType = file.xib; path = CategorySelectionViewController.xib; sourceTree = "<group>"; };
		18F691E51ED8701B00FA80AC /* GoogleService-Info.plist */ = {isa = PBXFileReference; fileEncoding = 4; lastKnownFileType = text.plist.xml; path = "GoogleService-Info.plist"; sourceTree = "<group>"; };
		2AD509CD274D6B8A1C439CF9 /* Pods-Talkative ParentsUITests.debug.xcconfig */ = {isa = PBXFileReference; includeInIndex = 1; lastKnownFileType = text.xcconfig; name = "Pods-Talkative ParentsUITests.debug.xcconfig"; path = "Pods/Target Support Files/Pods-Talkative ParentsUITests/Pods-Talkative ParentsUITests.debug.xcconfig"; sourceTree = "<group>"; };
		34FB83C7C6BCA64B2D305BAB /* Pods-Talkative Parents.release.xcconfig */ = {isa = PBXFileReference; includeInIndex = 1; lastKnownFileType = text.xcconfig; name = "Pods-Talkative Parents.release.xcconfig"; path = "Pods/Target Support Files/Pods-Talkative Parents/Pods-Talkative Parents.release.xcconfig"; sourceTree = "<group>"; };
		4B8E0B6B42749C64D03BBBDE /* Pods-Talkative ParentsTests.release.xcconfig */ = {isa = PBXFileReference; includeInIndex = 1; lastKnownFileType = text.xcconfig; name = "Pods-Talkative ParentsTests.release.xcconfig"; path = "Pods/Target Support Files/Pods-Talkative ParentsTests/Pods-Talkative ParentsTests.release.xcconfig"; sourceTree = "<group>"; };
		6A819ED0EACF43F78280E979 /* Pods_Talkative_Parents.framework */ = {isa = PBXFileReference; explicitFileType = wrapper.framework; includeInIndex = 0; path = Pods_Talkative_Parents.framework; sourceTree = BUILT_PRODUCTS_DIR; };
		8A55DDBCD178F55B485AC29B /* Pods_Talkative_ParentsTests.framework */ = {isa = PBXFileReference; explicitFileType = wrapper.framework; includeInIndex = 0; path = Pods_Talkative_ParentsTests.framework; sourceTree = BUILT_PRODUCTS_DIR; };
		9780FA6B6FCEBBF94D6B4533 /* Pods-Talkative ParentsUITests.release.xcconfig */ = {isa = PBXFileReference; includeInIndex = 1; lastKnownFileType = text.xcconfig; name = "Pods-Talkative ParentsUITests.release.xcconfig"; path = "Pods/Target Support Files/Pods-Talkative ParentsUITests/Pods-Talkative ParentsUITests.release.xcconfig"; sourceTree = "<group>"; };
		9D9F0F59583670902A541D75 /* Pods-Talkative ParentsTests.debug.xcconfig */ = {isa = PBXFileReference; includeInIndex = 1; lastKnownFileType = text.xcconfig; name = "Pods-Talkative ParentsTests.debug.xcconfig"; path = "Pods/Target Support Files/Pods-Talkative ParentsTests/Pods-Talkative ParentsTests.debug.xcconfig"; sourceTree = "<group>"; };
		C1A9C620147BD8FA4BC8437C /* Pods-Talkative Parents.debug.xcconfig */ = {isa = PBXFileReference; includeInIndex = 1; lastKnownFileType = text.xcconfig; name = "Pods-Talkative Parents.debug.xcconfig"; path = "Pods/Target Support Files/Pods-Talkative Parents/Pods-Talkative Parents.debug.xcconfig"; sourceTree = "<group>"; };
		F1AA3821C99BBDDBCA5941E8 /* Pods_Talkative_ParentsUITests.framework */ = {isa = PBXFileReference; explicitFileType = wrapper.framework; includeInIndex = 0; path = Pods_Talkative_ParentsUITests.framework; sourceTree = BUILT_PRODUCTS_DIR; };
/* End PBXFileReference section */

/* Begin PBXFrameworksBuildPhase section */
		183F93521EC9829300B11BEB /* Frameworks */ = {
			isa = PBXFrameworksBuildPhase;
			buildActionMask = 2147483647;
			files = (
				809F2700F3A6C4483A7F37CD /* Pods_Talkative_Parents.framework in Frameworks */,
			);
			runOnlyForDeploymentPostprocessing = 0;
		};
		183F93681EC9829400B11BEB /* Frameworks */ = {
			isa = PBXFrameworksBuildPhase;
			buildActionMask = 2147483647;
			files = (
				6E91B36D65901A4382092B6A /* Pods_Talkative_ParentsTests.framework in Frameworks */,
			);
			runOnlyForDeploymentPostprocessing = 0;
		};
		183F93731EC9829400B11BEB /* Frameworks */ = {
			isa = PBXFrameworksBuildPhase;
			buildActionMask = 2147483647;
			files = (
				A3D0D6BE9AF322A44030801F /* Pods_Talkative_ParentsUITests.framework in Frameworks */,
			);
			runOnlyForDeploymentPostprocessing = 0;
		};
/* End PBXFrameworksBuildPhase section */

/* Begin PBXGroup section */
		181E64731EC9CA7B007E7C87 /* SERVICES */ = {
			isa = PBXGroup;
			children = (
				181E64791EC9CB88007E7C87 /* CommonService.swift */,
				1862F0001ECD7F5D0084F704 /* LookUpServices.swift */,
				1862F00D1ECD8E360084F704 /* LoginService.swift */,
				1862F00F1ECDBE000084F704 /* ChildrenService.swift */,
				181ED2F11ED012EB00759FA3 /* AppService.swift */,
			);
			name = SERVICES;
			sourceTree = "<group>";
		};
		181E64741EC9CA84007E7C87 /* COMMONS */ = {
			isa = PBXGroup;
			children = (
				185983C21EE81F89008E6CEC /* GrowingTextView.swift */,
				187FAC2E1ED6B4F000A9A15E /* BetterSegmentedControl.swift */,
				181E64811ECAD7F2007E7C87 /* ProgressHUD.swift */,
				181E647D1EC9CBA2007E7C87 /* UIFont-Config.swift */,
				181E647B1EC9CB92007E7C87 /* Constants.swift */,
				181E64771EC9CB7D007E7C87 /* Commons.swift */,
				181E64751EC9CB70007E7C87 /* UserDefaultsConstants.swift */,
				186E490D1ED2F3D900FD81E2 /* CoreDataManager.swift */,
			);
			name = COMMONS;
			sourceTree = "<group>";
		};
		181E64831ECB406D007E7C87 /* ViewController Pages */ = {
			isa = PBXGroup;
			children = (
				18F58ECE1EE02D600092B7C2 /* AttendancePage */,
				18B30AFD1EDEA3BB00D5B9F7 /* SocialSharingPage */,
				188829551EDDBE9000C51AC4 /* MoreTabPage */,
				188829501EDD5E1B00C51AC4 /* CalendarDetailPage */,
				188829441ED9C3B300C51AC4 /* CalendarPage */,
				187FAC291ED5689200A9A15E /* DocumentViewerPage */,
				182EA8E31ED31FBB00589E8C /* NotificationDetailPage */,
				185983BD1EE813E9008E6CEC /* SoundingBoardDetailPage */,
				18F58EE11EE281C30092B7C2 /* CreateSoundingBoardPage */,
				18379EF81ED056FA00F75C31 /* SoundingBoardPage */,
				18379EF71ED056EF00F75C31 /* NoticeboardPage */,
				1862F0111ECDC80E0084F704 /* Dashboard */,
				1862F0041ECD86290084F704 /* CountrySelectionPage */,
				181E64941ECC65E9007E7C87 /* OTPVerificationPage */,
				181E648F1ECC581B007E7C87 /* MobileEnterPage */,
				181E648C1ECC336C007E7C87 /* agreementPage */,
				181E64841ECB4078007E7C87 /* HelpScreensPage */,
			);
			name = "ViewController Pages";
			sourceTree = "<group>";
		};
		181E64841ECB4078007E7C87 /* HelpScreensPage */ = {
			isa = PBXGroup;
			children = (
				181E64851ECB412D007E7C87 /* HelpScreenViewController.swift */,
				181E64871ECB4170007E7C87 /* HelpScreenCollectionViewCell.swift */,
			);
			name = HelpScreensPage;
			sourceTree = "<group>";
		};
		181E64891ECB474C007E7C87 /* UIModules */ = {
			isa = PBXGroup;
			children = (
				181E648A1ECB4763007E7C87 /* CustomImagePageControl.swift */,
			);
			name = UIModules;
			sourceTree = "<group>";
		};
		181E648C1ECC336C007E7C87 /* agreementPage */ = {
			isa = PBXGroup;
			children = (
				181E648D1ECC35A2007E7C87 /* EulaAgreementViewController.swift */,
			);
			name = agreementPage;
			sourceTree = "<group>";
		};
		181E648F1ECC581B007E7C87 /* MobileEnterPage */ = {
			isa = PBXGroup;
			children = (
				181E64901ECC5832007E7C87 /* MobileLoginViewController.swift */,
				181E64911ECC5832007E7C87 /* MobileLoginViewController.xib */,
			);
			name = MobileEnterPage;
			sourceTree = "<group>";
		};
		181E64941ECC65E9007E7C87 /* OTPVerificationPage */ = {
			isa = PBXGroup;
			children = (
				181E64951ECC65FC007E7C87 /* OTPVerificationViewController.swift */,
				181E64961ECC65FC007E7C87 /* OTPVerificationViewController.xib */,
			);
			name = OTPVerificationPage;
			sourceTree = "<group>";
		};
		182EA8E31ED31FBB00589E8C /* NotificationDetailPage */ = {
			isa = PBXGroup;
			children = (
				182EA8E41ED31FDD00589E8C /* NotificeBoardDetailViewController.swift */,
				182EA8E51ED31FDD00589E8C /* NotificeBoardDetailViewController.xib */,
				182EA8E81ED32C0300589E8C /* NoticeBoardDetailHeaderTableViewCell.swift */,
				182EA8E91ED32C0300589E8C /* NoticeBoardDetailHeaderTableViewCell.xib */,
				182EA8EC1ED32EAE00589E8C /* NoticeBoardWebViewTableViewCell.swift */,
				182EA8ED1ED32EAE00589E8C /* NoticeBoardWebViewTableViewCell.xib */,
				187435E81ED43E4B00150ACD /* NWebViewTableViewCell.swift */,
				187435E91ED43E4B00150ACD /* NWebViewTableViewCell.xib */,
				187435EE1ED45F3400150ACD /* NoticeBoardAttachmentTableViewCell.swift */,
				187435EF1ED45F3400150ACD /* NoticeBoardAttachmentTableViewCell.xib */,
				187435F21ED468F400150ACD /* AttachmentCollectionViewCell.swift */,
				187435F31ED468F400150ACD /* AttachmentCollectionViewCell.xib */,
			);
			name = NotificationDetailPage;
			sourceTree = "<group>";
		};
		18379EF71ED056EF00F75C31 /* NoticeboardPage */ = {
			isa = PBXGroup;
			children = (
				183F935A1EC9829300B11BEB /* NotificationsViewController.swift */,
				18379EF91ED0578700F75C31 /* NotificationTableViewCell.swift */,
				18379EFA1ED0578700F75C31 /* NotificationTableViewCell.xib */,
			);
			name = NoticeboardPage;
			sourceTree = "<group>";
		};
		18379EF81ED056FA00F75C31 /* SoundingBoardPage */ = {
			isa = PBXGroup;
			children = (
				183F935C1EC9829300B11BEB /* SoundingboardViewController.swift */,
				18F58ED91EE196DF0092B7C2 /* SoundingBoardTableViewCell.swift */,
				18F58EDA1EE196DF0092B7C2 /* SoundingBoardTableViewCell.xib */,
			);
			name = SoundingBoardPage;
			sourceTree = "<group>";
		};
		18379EFD1ED0589900F75C31 /* Fonts */ = {
			isa = PBXGroup;
			children = (
				18379F061ED059E700F75C31 /* OpenSans-Bold.ttf */,
				18379EFE1ED0590C00F75C31 /* OpenSans-Regular.ttf */,
				18379EFF1ED0590C00F75C31 /* OpenSans-Semibold.ttf */,
				18379F001ED0597900F75C31 /* RegularLabel.swift */,
				18379F021ED0599900F75C31 /* BoldLabel.swift */,
				18379F041ED059AF00F75C31 /* SemiBoldLabel.swift */,
			);
			name = Fonts;
			sourceTree = "<group>";
		};
		183F934C1EC9829300B11BEB = {
			isa = PBXGroup;
			children = (
				183F93571EC9829300B11BEB /* Talkative Parents */,
				183F936E1EC9829400B11BEB /* Talkative ParentsTests */,
				183F93791EC9829400B11BEB /* Talkative ParentsUITests */,
				183F93561EC9829300B11BEB /* Products */,
				431926F8915600DF6F6669B1 /* Pods */,
				7212E0C9C208C037ECC2A4EC /* Frameworks */,
			);
			sourceTree = "<group>";
		};
		183F93561EC9829300B11BEB /* Products */ = {
			isa = PBXGroup;
			children = (
				183F93551EC9829300B11BEB /* Talkative Parents.app */,
				183F936B1EC9829400B11BEB /* Talkative ParentsTests.xctest */,
				183F93761EC9829400B11BEB /* Talkative ParentsUITests.xctest */,
			);
			name = Products;
			sourceTree = "<group>";
		};
		183F93571EC9829300B11BEB /* Talkative Parents */ = {
			isa = PBXGroup;
			children = (
				18EBCFAF1EF93D2E007CE6F4 /* Talkative Parents.entitlements */,
				18AD626B1EEFBC8C0057B778 /* CalendarEventHelper */,
				188829471EDC30C800C51AC4 /* FireBaseHelper */,
				18379EFD1ED0589900F75C31 /* Fonts */,
				181E64731EC9CA7B007E7C87 /* SERVICES */,
				181E64741EC9CA84007E7C87 /* COMMONS */,
				1862EFFD1ECD7DA30084F704 /* Modules */,
				181E64891ECB474C007E7C87 /* UIModules */,
				181E64831ECB406D007E7C87 /* ViewController Pages */,
				183F93581EC9829300B11BEB /* AppDelegate.swift */,
				18F691E51ED8701B00FA80AC /* GoogleService-Info.plist */,
				183F935E1EC9829300B11BEB /* Main.storyboard */,
				183F93611EC9829300B11BEB /* Assets.xcassets */,
				183F93631EC9829300B11BEB /* LaunchScreen.storyboard */,
				183F93661EC9829300B11BEB /* Info.plist */,
				18379F071ED05B7600F75C31 /* Basic.xcdatamodeld */,
			);
			path = "Talkative Parents";
			sourceTree = "<group>";
		};
		183F936E1EC9829400B11BEB /* Talkative ParentsTests */ = {
			isa = PBXGroup;
			children = (
				183F936F1EC9829400B11BEB /* Talkative_ParentsTests.swift */,
				183F93711EC9829400B11BEB /* Info.plist */,
			);
			path = "Talkative ParentsTests";
			sourceTree = "<group>";
		};
		183F93791EC9829400B11BEB /* Talkative ParentsUITests */ = {
			isa = PBXGroup;
			children = (
				183F937A1EC9829400B11BEB /* Talkative_ParentsUITests.swift */,
				183F937C1EC9829400B11BEB /* Info.plist */,
			);
			path = "Talkative ParentsUITests";
			sourceTree = "<group>";
		};
		185983BD1EE813E9008E6CEC /* SoundingBoardDetailPage */ = {
			isa = PBXGroup;
			children = (
				189F90331EE923DA000C4802 /* cells */,
				185983BE1EE81410008E6CEC /* SoundingBoardDetailViewController.swift */,
				185983BF1EE81410008E6CEC /* SoundingBoardDetailViewController.xib */,
			);
			name = SoundingBoardDetailPage;
			sourceTree = "<group>";
		};
		1862EFFD1ECD7DA30084F704 /* Modules */ = {
			isa = PBXGroup;
			children = (
				1862EFFE1ECD7DDE0084F704 /* Country.swift */,
				1862F01C1ECF0B170084F704 /* Child.swift */,
				18379F0D1ED0731E00F75C31 /* Notification.swift */,
				182EA8F01ED330BC00589E8C /* NotificationDetail.swift */,
				187435EC1ED4545700150ACD /* Attachment.swift */,
				1888294A1EDC444E00C51AC4 /* CalendarEvent.swift */,
				188829581EDDBF1E00C51AC4 /* OtherObject.swift */,
				18F58ECC1EE027CA0092B7C2 /* Attendance.swift */,
				18F58ED71EE1931A0092B7C2 /* SoundingBoard.swift */,
				18F58EE21EE29B660092B7C2 /* Category.swift */,
				185983BB1EE545D4008E6CEC /* ParentProfile.swift */,
				189F90401EE97098000C4802 /* Comment.swift */,
			);
			name = Modules;
			sourceTree = "<group>";
		};
		1862F0041ECD86290084F704 /* CountrySelectionPage */ = {
			isa = PBXGroup;
			children = (
				1862F0051ECD87670084F704 /* SelectCountryViewController.swift */,
				1862F0061ECD87670084F704 /* SelectCountryViewController.xib */,
				1862F0091ECD88300084F704 /* CountrySelectionTableViewCell.swift */,
				1862F00A1ECD88300084F704 /* CountrySelectionTableViewCell.xib */,
			);
			name = CountrySelectionPage;
			sourceTree = "<group>";
		};
		1862F0111ECDC80E0084F704 /* Dashboard */ = {
			isa = PBXGroup;
			children = (
				1862F0161ECDD8860084F704 /* DashboardViewController.swift */,
				1862F0181ECDD89E0084F704 /* DashboardCollectionViewCell.swift */,
				1862F0191ECDD89E0084F704 /* DashboardCollectionViewCell.xib */,
				187FAC301ED70E6A00A9A15E /* DashboardTableViewCell.swift */,
				187FAC311ED70E6A00A9A15E /* DashboardTableViewCell.xib */,
			);
			name = Dashboard;
			sourceTree = "<group>";
		};
		187FAC291ED5689200A9A15E /* DocumentViewerPage */ = {
			isa = PBXGroup;
			children = (
				187FAC2A1ED568BE00A9A15E /* DocumentViewerViewController.swift */,
				187FAC2B1ED568BE00A9A15E /* DocumentViewerViewController.xib */,
			);
			name = DocumentViewerPage;
			sourceTree = "<group>";
		};
		188829441ED9C3B300C51AC4 /* CalendarPage */ = {
			isa = PBXGroup;
			children = (
				188829451ED9C3C500C51AC4 /* CalendarViewController.swift */,
				1888294C1EDC614E00C51AC4 /* CalendarEventTableViewCell.swift */,
				1888294D1EDC614E00C51AC4 /* CalendarEventTableViewCell.xib */,
			);
			name = CalendarPage;
			sourceTree = "<group>";
		};
		188829471EDC30C800C51AC4 /* FireBaseHelper */ = {
			isa = PBXGroup;
			children = (
				188829481EDC30D700C51AC4 /* FireBaseHelper.swift */,
			);
			name = FireBaseHelper;
			sourceTree = "<group>";
		};
		188829501EDD5E1B00C51AC4 /* CalendarDetailPage */ = {
			isa = PBXGroup;
			children = (
				188829511EDD5E3D00C51AC4 /* CalendarDetailViewController.swift */,
				188829521EDD5E3D00C51AC4 /* CalendarDetailViewController.xib */,
			);
			name = CalendarDetailPage;
			sourceTree = "<group>";
		};
		188829551EDDBE9000C51AC4 /* MoreTabPage */ = {
			isa = PBXGroup;
			children = (
				188829561EDDBEA400C51AC4 /* MoreTabViewController.swift */,
				1888295A1EDDC08A00C51AC4 /* MoreTabTableViewCell.swift */,
				1888295B1EDDC08A00C51AC4 /* MoreTabTableViewCell.xib */,
			);
			name = MoreTabPage;
			sourceTree = "<group>";
		};
		189F90331EE923DA000C4802 /* cells */ = {
			isa = PBXGroup;
			children = (
				189F90341EE923F3000C4802 /* SBDHeaderTableViewCell.swift */,
				189F90351EE923F3000C4802 /* SBDHeaderTableViewCell.xib */,
				189F90381EE9250D000C4802 /* SBDDescriptionTableViewCell.swift */,
				189F90391EE9250D000C4802 /* SBDDescriptionTableViewCell.xib */,
				189F903C1EE925A6000C4802 /* SDBCommentTableViewCell.swift */,
				189F903D1EE925A6000C4802 /* SDBCommentTableViewCell.xib */,
			);
			name = cells;
			sourceTree = "<group>";
		};
		18AD626B1EEFBC8C0057B778 /* CalendarEventHelper */ = {
			isa = PBXGroup;
			children = (
				18AD626C1EEFBC9D0057B778 /* EventHelper.swift */,
			);
			name = CalendarEventHelper;
			sourceTree = "<group>";
		};
		18B30AFD1EDEA3BB00D5B9F7 /* SocialSharingPage */ = {
			isa = PBXGroup;
			children = (
				18B30AFE1EDEA3D500D5B9F7 /* SocialSharingViewController.swift */,
				18B30AFF1EDEA3D500D5B9F7 /* SocialSharingViewController.xib */,
			);
			name = SocialSharingPage;
			sourceTree = "<group>";
		};
		18F58ECE1EE02D600092B7C2 /* AttendancePage */ = {
			isa = PBXGroup;
			children = (
				18F58ECF1EE02D710092B7C2 /* AttendanceViewController.swift */,
				18F58ED01EE02D710092B7C2 /* AttendanceViewController.xib */,
				18F58ED31EE0347C0092B7C2 /* AttendanceTableViewCell.swift */,
				18F58ED41EE0347C0092B7C2 /* AttendanceTableViewCell.xib */,
			);
			name = AttendancePage;
			sourceTree = "<group>";
		};
		18F58EE11EE281C30092B7C2 /* CreateSoundingBoardPage */ = {
			isa = PBXGroup;
			children = (
				18F58EE41EE2A5DC0092B7C2 /* categorySelectionPage */,
				18F58EDD1EE281B90092B7C2 /* CreateSoundingBoardMessageViewController.swift */,
				18F58EDE1EE281B90092B7C2 /* CreateSoundingBoardMessageViewController.xib */,
				185983B71EE52FC9008E6CEC /* ProgressCellTableViewCell.swift */,
				185983B81EE52FC9008E6CEC /* ProgressCellTableViewCell.xib */,
			);
			name = CreateSoundingBoardPage;
			sourceTree = "<group>";
		};
		18F58EE41EE2A5DC0092B7C2 /* categorySelectionPage */ = {
			isa = PBXGroup;
			children = (
				18F58EE51EE2A5F80092B7C2 /* CategorySelectionViewController.swift */,
				18F58EE61EE2A5F80092B7C2 /* CategorySelectionViewController.xib */,
			);
			name = categorySelectionPage;
			sourceTree = "<group>";
		};
		431926F8915600DF6F6669B1 /* Pods */ = {
			isa = PBXGroup;
			children = (
				C1A9C620147BD8FA4BC8437C /* Pods-Talkative Parents.debug.xcconfig */,
				34FB83C7C6BCA64B2D305BAB /* Pods-Talkative Parents.release.xcconfig */,
				9D9F0F59583670902A541D75 /* Pods-Talkative ParentsTests.debug.xcconfig */,
				4B8E0B6B42749C64D03BBBDE /* Pods-Talkative ParentsTests.release.xcconfig */,
				2AD509CD274D6B8A1C439CF9 /* Pods-Talkative ParentsUITests.debug.xcconfig */,
				9780FA6B6FCEBBF94D6B4533 /* Pods-Talkative ParentsUITests.release.xcconfig */,
			);
			name = Pods;
			sourceTree = "<group>";
		};
		7212E0C9C208C037ECC2A4EC /* Frameworks */ = {
			isa = PBXGroup;
			children = (
				186E490F1ED2F5EA00FD81E2 /* CoreData.framework */,
				6A819ED0EACF43F78280E979 /* Pods_Talkative_Parents.framework */,
				8A55DDBCD178F55B485AC29B /* Pods_Talkative_ParentsTests.framework */,
				F1AA3821C99BBDDBCA5941E8 /* Pods_Talkative_ParentsUITests.framework */,
			);
			name = Frameworks;
			sourceTree = "<group>";
		};
/* End PBXGroup section */

/* Begin PBXNativeTarget section */
		183F93541EC9829300B11BEB /* Talkative Parents */ = {
			isa = PBXNativeTarget;
			buildConfigurationList = 183F937F1EC9829400B11BEB /* Build configuration list for PBXNativeTarget "Talkative Parents" */;
			buildPhases = (
				CB0D53F793E7B3B0D4C564C3 /* [CP] Check Pods Manifest.lock */,
				183F93511EC9829300B11BEB /* Sources */,
				183F93521EC9829300B11BEB /* Frameworks */,
				183F93531EC9829300B11BEB /* Resources */,
				93A7913CDE31BCEE8F52810D /* [CP] Embed Pods Frameworks */,
				3A3C1275DB19F5A6E4F63BD9 /* [CP] Copy Pods Resources */,
			);
			buildRules = (
			);
			dependencies = (
			);
			name = "Talkative Parents";
			productName = "Talkative Parents";
			productReference = 183F93551EC9829300B11BEB /* Talkative Parents.app */;
			productType = "com.apple.product-type.application";
		};
		183F936A1EC9829400B11BEB /* Talkative ParentsTests */ = {
			isa = PBXNativeTarget;
			buildConfigurationList = 183F93821EC9829400B11BEB /* Build configuration list for PBXNativeTarget "Talkative ParentsTests" */;
			buildPhases = (
				55F14B1AC3507CF78D9778F5 /* [CP] Check Pods Manifest.lock */,
				183F93671EC9829400B11BEB /* Sources */,
				183F93681EC9829400B11BEB /* Frameworks */,
				183F93691EC9829400B11BEB /* Resources */,
				2BF98AA39E7E758C5DDABBBF /* [CP] Embed Pods Frameworks */,
				A64DA01973021862DABEF10F /* [CP] Copy Pods Resources */,
			);
			buildRules = (
			);
			dependencies = (
				183F936D1EC9829400B11BEB /* PBXTargetDependency */,
			);
			name = "Talkative ParentsTests";
			productName = "Talkative ParentsTests";
			productReference = 183F936B1EC9829400B11BEB /* Talkative ParentsTests.xctest */;
			productType = "com.apple.product-type.bundle.unit-test";
		};
		183F93751EC9829400B11BEB /* Talkative ParentsUITests */ = {
			isa = PBXNativeTarget;
			buildConfigurationList = 183F93851EC9829400B11BEB /* Build configuration list for PBXNativeTarget "Talkative ParentsUITests" */;
			buildPhases = (
				219C94E8C0C937A25E3E41C2 /* [CP] Check Pods Manifest.lock */,
				183F93721EC9829400B11BEB /* Sources */,
				183F93731EC9829400B11BEB /* Frameworks */,
				183F93741EC9829400B11BEB /* Resources */,
				134C4CE7FF7D81C9E19C438F /* [CP] Embed Pods Frameworks */,
				FC6246F371431030F10F9288 /* [CP] Copy Pods Resources */,
			);
			buildRules = (
			);
			dependencies = (
				183F93781EC9829400B11BEB /* PBXTargetDependency */,
			);
			name = "Talkative ParentsUITests";
			productName = "Talkative ParentsUITests";
			productReference = 183F93761EC9829400B11BEB /* Talkative ParentsUITests.xctest */;
			productType = "com.apple.product-type.bundle.ui-testing";
		};
/* End PBXNativeTarget section */

/* Begin PBXProject section */
		183F934D1EC9829300B11BEB /* Project object */ = {
			isa = PBXProject;
			attributes = {
				LastSwiftUpdateCheck = 0830;
				LastUpgradeCheck = 0830;
				ORGANIZATIONNAME = SGS;
				TargetAttributes = {
					183F93541EC9829300B11BEB = {
						CreatedOnToolsVersion = 8.3;
						DevelopmentTeam = K3B6S92EN3;
						ProvisioningStyle = Automatic;
						SystemCapabilities = {
							com.apple.Push = {
								enabled = 1;
							};
						};
					};
					183F936A1EC9829400B11BEB = {
						CreatedOnToolsVersion = 8.3;
						ProvisioningStyle = Automatic;
						TestTargetID = 183F93541EC9829300B11BEB;
					};
					183F93751EC9829400B11BEB = {
						CreatedOnToolsVersion = 8.3;
						ProvisioningStyle = Automatic;
						TestTargetID = 183F93541EC9829300B11BEB;
					};
				};
			};
			buildConfigurationList = 183F93501EC9829300B11BEB /* Build configuration list for PBXProject "Talkative Parents" */;
			compatibilityVersion = "Xcode 3.2";
			developmentRegion = English;
			hasScannedForEncodings = 0;
			knownRegions = (
				en,
				Base,
			);
			mainGroup = 183F934C1EC9829300B11BEB;
			productRefGroup = 183F93561EC9829300B11BEB /* Products */;
			projectDirPath = "";
			projectRoot = "";
			targets = (
				183F93541EC9829300B11BEB /* Talkative Parents */,
				183F936A1EC9829400B11BEB /* Talkative ParentsTests */,
				183F93751EC9829400B11BEB /* Talkative ParentsUITests */,
			);
		};
/* End PBXProject section */

/* Begin PBXResourcesBuildPhase section */
		183F93531EC9829300B11BEB /* Resources */ = {
			isa = PBXResourcesBuildPhase;
			buildActionMask = 2147483647;
			files = (
				1862F00C1ECD88300084F704 /* CountrySelectionTableViewCell.xib in Resources */,
				18379F0B1ED0603700F75C31 /* OpenSans-Regular.ttf in Resources */,
				18B30B011EDEA3D500D5B9F7 /* SocialSharingViewController.xib in Resources */,
				182EA8EB1ED32C0300589E8C /* NoticeBoardDetailHeaderTableViewCell.xib in Resources */,
				189F90371EE923F3000C4802 /* SBDHeaderTableViewCell.xib in Resources */,
				182EA8E71ED31FDD00589E8C /* NotificeBoardDetailViewController.xib in Resources */,
				187435EB1ED43E4B00150ACD /* NWebViewTableViewCell.xib in Resources */,
				18379F0A1ED0603500F75C31 /* OpenSans-Bold.ttf in Resources */,
				18F58EE81EE2A5F80092B7C2 /* CategorySelectionViewController.xib in Resources */,
				18379F0C1ED0603900F75C31 /* OpenSans-Semibold.ttf in Resources */,
				183F93651EC9829300B11BEB /* LaunchScreen.storyboard in Resources */,
				18F58EDC1EE196DF0092B7C2 /* SoundingBoardTableViewCell.xib in Resources */,
				185983BA1EE52FC9008E6CEC /* ProgressCellTableViewCell.xib in Resources */,
				1888294F1EDC614E00C51AC4 /* CalendarEventTableViewCell.xib in Resources */,
				183F93621EC9829300B11BEB /* Assets.xcassets in Resources */,
				187FAC2D1ED568BE00A9A15E /* DocumentViewerViewController.xib in Resources */,
				18F58ED61EE0347C0092B7C2 /* AttendanceTableViewCell.xib in Resources */,
				187FAC331ED70E6A00A9A15E /* DashboardTableViewCell.xib in Resources */,
				181E64931ECC5832007E7C87 /* MobileLoginViewController.xib in Resources */,
				187435F51ED468F400150ACD /* AttachmentCollectionViewCell.xib in Resources */,
				1862F0081ECD87670084F704 /* SelectCountryViewController.xib in Resources */,
				181E64981ECC65FC007E7C87 /* OTPVerificationViewController.xib in Resources */,
				183F93601EC9829300B11BEB /* Main.storyboard in Resources */,
				1862F01B1ECDD89E0084F704 /* DashboardCollectionViewCell.xib in Resources */,
				185983C11EE81410008E6CEC /* SoundingBoardDetailViewController.xib in Resources */,
				18F58EE01EE281B90092B7C2 /* CreateSoundingBoardMessageViewController.xib in Resources */,
				18F58ED21EE02D710092B7C2 /* AttendanceViewController.xib in Resources */,
				18F691E61ED8701B00FA80AC /* GoogleService-Info.plist in Resources */,
				187435F11ED45F3400150ACD /* NoticeBoardAttachmentTableViewCell.xib in Resources */,
				182EA8EF1ED32EAE00589E8C /* NoticeBoardWebViewTableViewCell.xib in Resources */,
				189F903B1EE9250D000C4802 /* SBDDescriptionTableViewCell.xib in Resources */,
				18379EFC1ED0578700F75C31 /* NotificationTableViewCell.xib in Resources */,
				189F903F1EE925A6000C4802 /* SDBCommentTableViewCell.xib in Resources */,
				1888295D1EDDC08A00C51AC4 /* MoreTabTableViewCell.xib in Resources */,
				188829541EDD5E3D00C51AC4 /* CalendarDetailViewController.xib in Resources */,
			);
			runOnlyForDeploymentPostprocessing = 0;
		};
		183F93691EC9829400B11BEB /* Resources */ = {
			isa = PBXResourcesBuildPhase;
			buildActionMask = 2147483647;
			files = (
			);
			runOnlyForDeploymentPostprocessing = 0;
		};
		183F93741EC9829400B11BEB /* Resources */ = {
			isa = PBXResourcesBuildPhase;
			buildActionMask = 2147483647;
			files = (
			);
			runOnlyForDeploymentPostprocessing = 0;
		};
/* End PBXResourcesBuildPhase section */

/* Begin PBXShellScriptBuildPhase section */
		134C4CE7FF7D81C9E19C438F /* [CP] Embed Pods Frameworks */ = {
			isa = PBXShellScriptBuildPhase;
			buildActionMask = 2147483647;
			files = (
			);
			inputPaths = (
			);
			name = "[CP] Embed Pods Frameworks";
			outputPaths = (
			);
			runOnlyForDeploymentPostprocessing = 0;
			shellPath = /bin/sh;
			shellScript = "\"${SRCROOT}/Pods/Target Support Files/Pods-Talkative ParentsUITests/Pods-Talkative ParentsUITests-frameworks.sh\"\n";
			showEnvVarsInLog = 0;
		};
		219C94E8C0C937A25E3E41C2 /* [CP] Check Pods Manifest.lock */ = {
			isa = PBXShellScriptBuildPhase;
			buildActionMask = 2147483647;
			files = (
			);
			inputPaths = (
			);
			name = "[CP] Check Pods Manifest.lock";
			outputPaths = (
			);
			runOnlyForDeploymentPostprocessing = 0;
			shellPath = /bin/sh;
			shellScript = "diff \"${PODS_ROOT}/../Podfile.lock\" \"${PODS_ROOT}/Manifest.lock\" > /dev/null\nif [ $? != 0 ] ; then\n    # print error to STDERR\n    echo \"error: The sandbox is not in sync with the Podfile.lock. Run 'pod install' or update your CocoaPods installation.\" >&2\n    exit 1\nfi\n";
			showEnvVarsInLog = 0;
		};
		2BF98AA39E7E758C5DDABBBF /* [CP] Embed Pods Frameworks */ = {
			isa = PBXShellScriptBuildPhase;
			buildActionMask = 2147483647;
			files = (
			);
			inputPaths = (
			);
			name = "[CP] Embed Pods Frameworks";
			outputPaths = (
			);
			runOnlyForDeploymentPostprocessing = 0;
			shellPath = /bin/sh;
			shellScript = "\"${SRCROOT}/Pods/Target Support Files/Pods-Talkative ParentsTests/Pods-Talkative ParentsTests-frameworks.sh\"\n";
			showEnvVarsInLog = 0;
		};
		3A3C1275DB19F5A6E4F63BD9 /* [CP] Copy Pods Resources */ = {
			isa = PBXShellScriptBuildPhase;
			buildActionMask = 2147483647;
			files = (
			);
			inputPaths = (
			);
			name = "[CP] Copy Pods Resources";
			outputPaths = (
			);
			runOnlyForDeploymentPostprocessing = 0;
			shellPath = /bin/sh;
			shellScript = "\"${SRCROOT}/Pods/Target Support Files/Pods-Talkative Parents/Pods-Talkative Parents-resources.sh\"\n";
			showEnvVarsInLog = 0;
		};
		55F14B1AC3507CF78D9778F5 /* [CP] Check Pods Manifest.lock */ = {
			isa = PBXShellScriptBuildPhase;
			buildActionMask = 2147483647;
			files = (
			);
			inputPaths = (
			);
			name = "[CP] Check Pods Manifest.lock";
			outputPaths = (
			);
			runOnlyForDeploymentPostprocessing = 0;
			shellPath = /bin/sh;
			shellScript = "diff \"${PODS_ROOT}/../Podfile.lock\" \"${PODS_ROOT}/Manifest.lock\" > /dev/null\nif [ $? != 0 ] ; then\n    # print error to STDERR\n    echo \"error: The sandbox is not in sync with the Podfile.lock. Run 'pod install' or update your CocoaPods installation.\" >&2\n    exit 1\nfi\n";
			showEnvVarsInLog = 0;
		};
		93A7913CDE31BCEE8F52810D /* [CP] Embed Pods Frameworks */ = {
			isa = PBXShellScriptBuildPhase;
			buildActionMask = 2147483647;
			files = (
			);
			inputPaths = (
			);
			name = "[CP] Embed Pods Frameworks";
			outputPaths = (
			);
			runOnlyForDeploymentPostprocessing = 0;
			shellPath = /bin/sh;
			shellScript = "\"${SRCROOT}/Pods/Target Support Files/Pods-Talkative Parents/Pods-Talkative Parents-frameworks.sh\"\n";
			showEnvVarsInLog = 0;
		};
		A64DA01973021862DABEF10F /* [CP] Copy Pods Resources */ = {
			isa = PBXShellScriptBuildPhase;
			buildActionMask = 2147483647;
			files = (
			);
			inputPaths = (
			);
			name = "[CP] Copy Pods Resources";
			outputPaths = (
			);
			runOnlyForDeploymentPostprocessing = 0;
			shellPath = /bin/sh;
			shellScript = "\"${SRCROOT}/Pods/Target Support Files/Pods-Talkative ParentsTests/Pods-Talkative ParentsTests-resources.sh\"\n";
			showEnvVarsInLog = 0;
		};
		CB0D53F793E7B3B0D4C564C3 /* [CP] Check Pods Manifest.lock */ = {
			isa = PBXShellScriptBuildPhase;
			buildActionMask = 2147483647;
			files = (
			);
			inputPaths = (
			);
			name = "[CP] Check Pods Manifest.lock";
			outputPaths = (
			);
			runOnlyForDeploymentPostprocessing = 0;
			shellPath = /bin/sh;
			shellScript = "diff \"${PODS_ROOT}/../Podfile.lock\" \"${PODS_ROOT}/Manifest.lock\" > /dev/null\nif [ $? != 0 ] ; then\n    # print error to STDERR\n    echo \"error: The sandbox is not in sync with the Podfile.lock. Run 'pod install' or update your CocoaPods installation.\" >&2\n    exit 1\nfi\n";
			showEnvVarsInLog = 0;
		};
		FC6246F371431030F10F9288 /* [CP] Copy Pods Resources */ = {
			isa = PBXShellScriptBuildPhase;
			buildActionMask = 2147483647;
			files = (
			);
			inputPaths = (
			);
			name = "[CP] Copy Pods Resources";
			outputPaths = (
			);
			runOnlyForDeploymentPostprocessing = 0;
			shellPath = /bin/sh;
			shellScript = "\"${SRCROOT}/Pods/Target Support Files/Pods-Talkative ParentsUITests/Pods-Talkative ParentsUITests-resources.sh\"\n";
			showEnvVarsInLog = 0;
		};
/* End PBXShellScriptBuildPhase section */

/* Begin PBXSourcesBuildPhase section */
		183F93511EC9829300B11BEB /* Sources */ = {
			isa = PBXSourcesBuildPhase;
			buildActionMask = 2147483647;
			files = (
				18379EFB1ED0578700F75C31 /* NotificationTableViewCell.swift in Sources */,
				187435F41ED468F400150ACD /* AttachmentCollectionViewCell.swift in Sources */,
				1862F0101ECDBE000084F704 /* ChildrenService.swift in Sources */,
				18379F011ED0597900F75C31 /* RegularLabel.swift in Sources */,
				183F935D1EC9829300B11BEB /* SoundingboardViewController.swift in Sources */,
				1862F01D1ECF0B170084F704 /* Child.swift in Sources */,
				181E64881ECB4170007E7C87 /* HelpScreenCollectionViewCell.swift in Sources */,
				187435F01ED45F3400150ACD /* NoticeBoardAttachmentTableViewCell.swift in Sources */,
				18379F051ED059AF00F75C31 /* SemiBoldLabel.swift in Sources */,
				183F93591EC9829300B11BEB /* AppDelegate.swift in Sources */,
				18B30B001EDEA3D500D5B9F7 /* SocialSharingViewController.swift in Sources */,
				181ED2F21ED012EB00759FA3 /* AppService.swift in Sources */,
				181E648B1ECB4763007E7C87 /* CustomImagePageControl.swift in Sources */,
				185983C31EE81F89008E6CEC /* GrowingTextView.swift in Sources */,
				181E64821ECAD7F2007E7C87 /* ProgressHUD.swift in Sources */,
				188829531EDD5E3D00C51AC4 /* CalendarDetailViewController.swift in Sources */,
				181E64861ECB412D007E7C87 /* HelpScreenViewController.swift in Sources */,
				189F90361EE923F3000C4802 /* SBDHeaderTableViewCell.swift in Sources */,
				189F903A1EE9250D000C4802 /* SBDDescriptionTableViewCell.swift in Sources */,
				181E64971ECC65FC007E7C87 /* OTPVerificationViewController.swift in Sources */,
				1862F00E1ECD8E360084F704 /* LoginService.swift in Sources */,
				18AD626D1EEFBC9D0057B778 /* EventHelper.swift in Sources */,
				181E647A1EC9CB88007E7C87 /* CommonService.swift in Sources */,
				181E64781EC9CB7D007E7C87 /* Commons.swift in Sources */,
				1862F00B1ECD88300084F704 /* CountrySelectionTableViewCell.swift in Sources */,
				181E64921ECC5832007E7C87 /* MobileLoginViewController.swift in Sources */,
				187435ED1ED4545700150ACD /* Attachment.swift in Sources */,
				18F58ED11EE02D710092B7C2 /* AttendanceViewController.swift in Sources */,
				1888295C1EDDC08A00C51AC4 /* MoreTabTableViewCell.swift in Sources */,
				185983BC1EE545D4008E6CEC /* ParentProfile.swift in Sources */,
				18379F091ED05B7600F75C31 /* Basic.xcdatamodeld in Sources */,
				188829491EDC30D700C51AC4 /* FireBaseHelper.swift in Sources */,
				18379F0E1ED0731E00F75C31 /* Notification.swift in Sources */,
				1888294B1EDC444E00C51AC4 /* CalendarEvent.swift in Sources */,
				182EA8EE1ED32EAE00589E8C /* NoticeBoardWebViewTableViewCell.swift in Sources */,
				187FAC321ED70E6A00A9A15E /* DashboardTableViewCell.swift in Sources */,
				186E490E1ED2F3D900FD81E2 /* CoreDataManager.swift in Sources */,
				18379F031ED0599900F75C31 /* BoldLabel.swift in Sources */,
				187435EA1ED43E4B00150ACD /* NWebViewTableViewCell.swift in Sources */,
				181E647C1EC9CB92007E7C87 /* Constants.swift in Sources */,
				189F90411EE97098000C4802 /* Comment.swift in Sources */,
				187FAC2C1ED568BE00A9A15E /* DocumentViewerViewController.swift in Sources */,
				188829591EDDBF1E00C51AC4 /* OtherObject.swift in Sources */,
				18F58ED81EE1931A0092B7C2 /* SoundingBoard.swift in Sources */,
				181E64761EC9CB70007E7C87 /* UserDefaultsConstants.swift in Sources */,
				189F903E1EE925A6000C4802 /* SDBCommentTableViewCell.swift in Sources */,
				1888294E1EDC614E00C51AC4 /* CalendarEventTableViewCell.swift in Sources */,
				185983C01EE81410008E6CEC /* SoundingBoardDetailViewController.swift in Sources */,
				18F58EE31EE29B660092B7C2 /* Category.swift in Sources */,
				182EA8F11ED330BC00589E8C /* NotificationDetail.swift in Sources */,
				188829571EDDBEA400C51AC4 /* MoreTabViewController.swift in Sources */,
				18F58EE71EE2A5F80092B7C2 /* CategorySelectionViewController.swift in Sources */,
				1862EFFF1ECD7DDE0084F704 /* Country.swift in Sources */,
				182EA8E61ED31FDD00589E8C /* NotificeBoardDetailViewController.swift in Sources */,
				182EA8EA1ED32C0300589E8C /* NoticeBoardDetailHeaderTableViewCell.swift in Sources */,
				187FAC2F1ED6B4F000A9A15E /* BetterSegmentedControl.swift in Sources */,
				18F58EDF1EE281B90092B7C2 /* CreateSoundingBoardMessageViewController.swift in Sources */,
				185983B91EE52FC9008E6CEC /* ProgressCellTableViewCell.swift in Sources */,
				18F58ECD1EE027CA0092B7C2 /* Attendance.swift in Sources */,
				188829461ED9C3C500C51AC4 /* CalendarViewController.swift in Sources */,
				181E647E1EC9CBA2007E7C87 /* UIFont-Config.swift in Sources */,
				183F935B1EC9829300B11BEB /* NotificationsViewController.swift in Sources */,
				1862F01A1ECDD89E0084F704 /* DashboardCollectionViewCell.swift in Sources */,
				1862F0071ECD87670084F704 /* SelectCountryViewController.swift in Sources */,
				1862F0171ECDD8860084F704 /* DashboardViewController.swift in Sources */,
				181E648E1ECC35A2007E7C87 /* EulaAgreementViewController.swift in Sources */,
				18F58EDB1EE196DF0092B7C2 /* SoundingBoardTableViewCell.swift in Sources */,
				18F58ED51EE0347C0092B7C2 /* AttendanceTableViewCell.swift in Sources */,
				1862F0011ECD7F5D0084F704 /* LookUpServices.swift in Sources */,
			);
			runOnlyForDeploymentPostprocessing = 0;
		};
		183F93671EC9829400B11BEB /* Sources */ = {
			isa = PBXSourcesBuildPhase;
			buildActionMask = 2147483647;
			files = (
				183F93701EC9829400B11BEB /* Talkative_ParentsTests.swift in Sources */,
			);
			runOnlyForDeploymentPostprocessing = 0;
		};
		183F93721EC9829400B11BEB /* Sources */ = {
			isa = PBXSourcesBuildPhase;
			buildActionMask = 2147483647;
			files = (
				183F937B1EC9829400B11BEB /* Talkative_ParentsUITests.swift in Sources */,
			);
			runOnlyForDeploymentPostprocessing = 0;
		};
/* End PBXSourcesBuildPhase section */

/* Begin PBXTargetDependency section */
		183F936D1EC9829400B11BEB /* PBXTargetDependency */ = {
			isa = PBXTargetDependency;
			target = 183F93541EC9829300B11BEB /* Talkative Parents */;
			targetProxy = 183F936C1EC9829400B11BEB /* PBXContainerItemProxy */;
		};
		183F93781EC9829400B11BEB /* PBXTargetDependency */ = {
			isa = PBXTargetDependency;
			target = 183F93541EC9829300B11BEB /* Talkative Parents */;
			targetProxy = 183F93771EC9829400B11BEB /* PBXContainerItemProxy */;
		};
/* End PBXTargetDependency section */

/* Begin PBXVariantGroup section */
		183F935E1EC9829300B11BEB /* Main.storyboard */ = {
			isa = PBXVariantGroup;
			children = (
				183F935F1EC9829300B11BEB /* Base */,
			);
			name = Main.storyboard;
			sourceTree = "<group>";
		};
		183F93631EC9829300B11BEB /* LaunchScreen.storyboard */ = {
			isa = PBXVariantGroup;
			children = (
				183F93641EC9829300B11BEB /* Base */,
			);
			name = LaunchScreen.storyboard;
			sourceTree = "<group>";
		};
/* End PBXVariantGroup section */

/* Begin XCBuildConfiguration section */
		183F937D1EC9829400B11BEB /* Debug */ = {
			isa = XCBuildConfiguration;
			buildSettings = {
				ALWAYS_SEARCH_USER_PATHS = NO;
				CLANG_ANALYZER_NONNULL = YES;
				CLANG_ANALYZER_NUMBER_OBJECT_CONVERSION = YES_AGGRESSIVE;
				CLANG_CXX_LANGUAGE_STANDARD = "gnu++0x";
				CLANG_CXX_LIBRARY = "libc++";
				CLANG_ENABLE_MODULES = YES;
				CLANG_ENABLE_OBJC_ARC = YES;
				CLANG_WARN_BOOL_CONVERSION = YES;
				CLANG_WARN_CONSTANT_CONVERSION = YES;
				CLANG_WARN_DIRECT_OBJC_ISA_USAGE = YES_ERROR;
				CLANG_WARN_DOCUMENTATION_COMMENTS = YES;
				CLANG_WARN_EMPTY_BODY = YES;
				CLANG_WARN_ENUM_CONVERSION = YES;
				CLANG_WARN_INFINITE_RECURSION = YES;
				CLANG_WARN_INT_CONVERSION = YES;
				CLANG_WARN_OBJC_ROOT_CLASS = YES_ERROR;
				CLANG_WARN_SUSPICIOUS_MOVE = YES;
				CLANG_WARN_UNREACHABLE_CODE = YES;
				CLANG_WARN__DUPLICATE_METHOD_MATCH = YES;
				"CODE_SIGN_IDENTITY[sdk=iphoneos*]" = "iPhone Developer";
				COPY_PHASE_STRIP = NO;
				DEBUG_INFORMATION_FORMAT = dwarf;
				ENABLE_STRICT_OBJC_MSGSEND = YES;
				ENABLE_TESTABILITY = YES;
				GCC_C_LANGUAGE_STANDARD = gnu99;
				GCC_DYNAMIC_NO_PIC = NO;
				GCC_NO_COMMON_BLOCKS = YES;
				GCC_OPTIMIZATION_LEVEL = 0;
				GCC_PREPROCESSOR_DEFINITIONS = (
					"DEBUG=1",
					"$(inherited)",
				);
				GCC_WARN_64_TO_32_BIT_CONVERSION = YES;
				GCC_WARN_ABOUT_RETURN_TYPE = YES_ERROR;
				GCC_WARN_UNDECLARED_SELECTOR = YES;
				GCC_WARN_UNINITIALIZED_AUTOS = YES_AGGRESSIVE;
				GCC_WARN_UNUSED_FUNCTION = YES;
				GCC_WARN_UNUSED_VARIABLE = YES;
				IPHONEOS_DEPLOYMENT_TARGET = 10.3;
				MTL_ENABLE_DEBUG_INFO = YES;
				ONLY_ACTIVE_ARCH = YES;
				SDKROOT = iphoneos;
				SWIFT_ACTIVE_COMPILATION_CONDITIONS = DEBUG;
				SWIFT_OPTIMIZATION_LEVEL = "-Onone";
			};
			name = Debug;
		};
		183F937E1EC9829400B11BEB /* Release */ = {
			isa = XCBuildConfiguration;
			buildSettings = {
				ALWAYS_SEARCH_USER_PATHS = NO;
				CLANG_ANALYZER_NONNULL = YES;
				CLANG_ANALYZER_NUMBER_OBJECT_CONVERSION = YES_AGGRESSIVE;
				CLANG_CXX_LANGUAGE_STANDARD = "gnu++0x";
				CLANG_CXX_LIBRARY = "libc++";
				CLANG_ENABLE_MODULES = YES;
				CLANG_ENABLE_OBJC_ARC = YES;
				CLANG_WARN_BOOL_CONVERSION = YES;
				CLANG_WARN_CONSTANT_CONVERSION = YES;
				CLANG_WARN_DIRECT_OBJC_ISA_USAGE = YES_ERROR;
				CLANG_WARN_DOCUMENTATION_COMMENTS = YES;
				CLANG_WARN_EMPTY_BODY = YES;
				CLANG_WARN_ENUM_CONVERSION = YES;
				CLANG_WARN_INFINITE_RECURSION = YES;
				CLANG_WARN_INT_CONVERSION = YES;
				CLANG_WARN_OBJC_ROOT_CLASS = YES_ERROR;
				CLANG_WARN_SUSPICIOUS_MOVE = YES;
				CLANG_WARN_UNREACHABLE_CODE = YES;
				CLANG_WARN__DUPLICATE_METHOD_MATCH = YES;
				"CODE_SIGN_IDENTITY[sdk=iphoneos*]" = "iPhone Developer";
				COPY_PHASE_STRIP = NO;
				DEBUG_INFORMATION_FORMAT = "dwarf-with-dsym";
				ENABLE_NS_ASSERTIONS = NO;
				ENABLE_STRICT_OBJC_MSGSEND = YES;
				GCC_C_LANGUAGE_STANDARD = gnu99;
				GCC_NO_COMMON_BLOCKS = YES;
				GCC_WARN_64_TO_32_BIT_CONVERSION = YES;
				GCC_WARN_ABOUT_RETURN_TYPE = YES_ERROR;
				GCC_WARN_UNDECLARED_SELECTOR = YES;
				GCC_WARN_UNINITIALIZED_AUTOS = YES_AGGRESSIVE;
				GCC_WARN_UNUSED_FUNCTION = YES;
				GCC_WARN_UNUSED_VARIABLE = YES;
				IPHONEOS_DEPLOYMENT_TARGET = 10.3;
				MTL_ENABLE_DEBUG_INFO = NO;
				SDKROOT = iphoneos;
				SWIFT_OPTIMIZATION_LEVEL = "-Owholemodule";
				VALIDATE_PRODUCT = YES;
			};
			name = Release;
		};
		183F93801EC9829400B11BEB /* Debug */ = {
			isa = XCBuildConfiguration;
			baseConfigurationReference = C1A9C620147BD8FA4BC8437C /* Pods-Talkative Parents.debug.xcconfig */;
			buildSettings = {
				ASSETCATALOG_COMPILER_APPICON_NAME = AppIcon;
				CODE_SIGN_ENTITLEMENTS = "Talkative Parents/Talkative Parents.entitlements";
				DEVELOPMENT_TEAM = K3B6S92EN3;
				INFOPLIST_FILE = "Talkative Parents/Info.plist";
				IPHONEOS_DEPLOYMENT_TARGET = 8.0;
				LD_RUNPATH_SEARCH_PATHS = "$(inherited) @executable_path/Frameworks";
				PRODUCT_BUNDLE_IDENTIFIER = com.talkativeparents;
				PRODUCT_NAME = "$(TARGET_NAME)";
				SWIFT_VERSION = 3.0;
			};
			name = Debug;
		};
		183F93811EC9829400B11BEB /* Release */ = {
			isa = XCBuildConfiguration;
			baseConfigurationReference = 34FB83C7C6BCA64B2D305BAB /* Pods-Talkative Parents.release.xcconfig */;
			buildSettings = {
				ASSETCATALOG_COMPILER_APPICON_NAME = AppIcon;
				CODE_SIGN_ENTITLEMENTS = "Talkative Parents/Talkative Parents.entitlements";
				DEVELOPMENT_TEAM = K3B6S92EN3;
				INFOPLIST_FILE = "Talkative Parents/Info.plist";
				IPHONEOS_DEPLOYMENT_TARGET = 8.0;
				LD_RUNPATH_SEARCH_PATHS = "$(inherited) @executable_path/Frameworks";
				PRODUCT_BUNDLE_IDENTIFIER = com.talkativeparents;
				PRODUCT_NAME = "$(TARGET_NAME)";
				SWIFT_VERSION = 3.0;
			};
			name = Release;
		};
		183F93831EC9829400B11BEB /* Debug */ = {
			isa = XCBuildConfiguration;
			baseConfigurationReference = 9D9F0F59583670902A541D75 /* Pods-Talkative ParentsTests.debug.xcconfig */;
			buildSettings = {
				ALWAYS_EMBED_SWIFT_STANDARD_LIBRARIES = YES;
				BUNDLE_LOADER = "$(TEST_HOST)";
				INFOPLIST_FILE = "Talkative ParentsTests/Info.plist";
				LD_RUNPATH_SEARCH_PATHS = "$(inherited) @executable_path/Frameworks @loader_path/Frameworks";
				PRODUCT_BUNDLE_IDENTIFIER = "com.talkativeparents.Talkative-ParentsTests";
				PRODUCT_NAME = "$(TARGET_NAME)";
				SWIFT_VERSION = 3.0;
				TEST_HOST = "$(BUILT_PRODUCTS_DIR)/Talkative Parents.app/Talkative Parents";
			};
			name = Debug;
		};
		183F93841EC9829400B11BEB /* Release */ = {
			isa = XCBuildConfiguration;
			baseConfigurationReference = 4B8E0B6B42749C64D03BBBDE /* Pods-Talkative ParentsTests.release.xcconfig */;
			buildSettings = {
				ALWAYS_EMBED_SWIFT_STANDARD_LIBRARIES = YES;
				BUNDLE_LOADER = "$(TEST_HOST)";
				INFOPLIST_FILE = "Talkative ParentsTests/Info.plist";
				LD_RUNPATH_SEARCH_PATHS = "$(inherited) @executable_path/Frameworks @loader_path/Frameworks";
				PRODUCT_BUNDLE_IDENTIFIER = "com.talkativeparents.Talkative-ParentsTests";
				PRODUCT_NAME = "$(TARGET_NAME)";
				SWIFT_VERSION = 3.0;
				TEST_HOST = "$(BUILT_PRODUCTS_DIR)/Talkative Parents.app/Talkative Parents";
			};
			name = Release;
		};
		183F93861EC9829400B11BEB /* Debug */ = {
			isa = XCBuildConfiguration;
			baseConfigurationReference = 2AD509CD274D6B8A1C439CF9 /* Pods-Talkative ParentsUITests.debug.xcconfig */;
			buildSettings = {
				ALWAYS_EMBED_SWIFT_STANDARD_LIBRARIES = YES;
				INFOPLIST_FILE = "Talkative ParentsUITests/Info.plist";
				LD_RUNPATH_SEARCH_PATHS = "$(inherited) @executable_path/Frameworks @loader_path/Frameworks";
				PRODUCT_BUNDLE_IDENTIFIER = "com.talkativeparents.Talkative-ParentsUITests";
				PRODUCT_NAME = "$(TARGET_NAME)";
				SWIFT_VERSION = 3.0;
				TEST_TARGET_NAME = "Talkative Parents";
			};
			name = Debug;
		};
		183F93871EC9829400B11BEB /* Release */ = {
			isa = XCBuildConfiguration;
			baseConfigurationReference = 9780FA6B6FCEBBF94D6B4533 /* Pods-Talkative ParentsUITests.release.xcconfig */;
			buildSettings = {
				ALWAYS_EMBED_SWIFT_STANDARD_LIBRARIES = YES;
				INFOPLIST_FILE = "Talkative ParentsUITests/Info.plist";
				LD_RUNPATH_SEARCH_PATHS = "$(inherited) @executable_path/Frameworks @loader_path/Frameworks";
				PRODUCT_BUNDLE_IDENTIFIER = "com.talkativeparents.Talkative-ParentsUITests";
				PRODUCT_NAME = "$(TARGET_NAME)";
				SWIFT_VERSION = 3.0;
				TEST_TARGET_NAME = "Talkative Parents";
			};
			name = Release;
		};
/* End XCBuildConfiguration section */

/* Begin XCConfigurationList section */
		183F93501EC9829300B11BEB /* Build configuration list for PBXProject "Talkative Parents" */ = {
			isa = XCConfigurationList;
			buildConfigurations = (
				183F937D1EC9829400B11BEB /* Debug */,
				183F937E1EC9829400B11BEB /* Release */,
			);
			defaultConfigurationIsVisible = 0;
			defaultConfigurationName = Release;
		};
		183F937F1EC9829400B11BEB /* Build configuration list for PBXNativeTarget "Talkative Parents" */ = {
			isa = XCConfigurationList;
			buildConfigurations = (
				183F93801EC9829400B11BEB /* Debug */,
				183F93811EC9829400B11BEB /* Release */,
			);
			defaultConfigurationIsVisible = 0;
			defaultConfigurationName = Release;
		};
		183F93821EC9829400B11BEB /* Build configuration list for PBXNativeTarget "Talkative ParentsTests" */ = {
			isa = XCConfigurationList;
			buildConfigurations = (
				183F93831EC9829400B11BEB /* Debug */,
				183F93841EC9829400B11BEB /* Release */,
			);
			defaultConfigurationIsVisible = 0;
			defaultConfigurationName = Release;
		};
		183F93851EC9829400B11BEB /* Build configuration list for PBXNativeTarget "Talkative ParentsUITests" */ = {
			isa = XCConfigurationList;
			buildConfigurations = (
				183F93861EC9829400B11BEB /* Debug */,
				183F93871EC9829400B11BEB /* Release */,
			);
			defaultConfigurationIsVisible = 0;
			defaultConfigurationName = Release;
		};
/* End XCConfigurationList section */

/* Begin XCVersionGroup section */
		18379F071ED05B7600F75C31 /* Basic.xcdatamodeld */ = {
			isa = XCVersionGroup;
			children = (
				18379F081ED05B7600F75C31 /* Basic.xcdatamodel */,
			);
			currentVersion = 18379F081ED05B7600F75C31 /* Basic.xcdatamodel */;
			path = Basic.xcdatamodeld;
			sourceTree = "<group>";
			versionGroupType = wrapper.xcdatamodel;
		};
/* End XCVersionGroup section */
	};
	rootObject = 183F934D1EC9829300B11BEB /* Project object */;
}
